// !$*UTF8*$!
{
	archiveVersion = 1;
	classes = {
	};
	objectVersion = 46;
	objects = {

/* Begin PBXBuildFile section */
		994BB51C1BB68DF800420EB8 /* GBMPublishCell.m in Sources */ = {isa = PBXBuildFile; fileRef = 994BB5141BB68DF800420EB8 /* GBMPublishCell.m */; settings = {ASSET_TAGS = (); }; };
		994BB51D1BB68DF800420EB8 /* GBMPublishCell.xib in Resources */ = {isa = PBXBuildFile; fileRef = 994BB5151BB68DF800420EB8 /* GBMPublishCell.xib */; settings = {ASSET_TAGS = (); }; };
		994BB51E1BB68DF800420EB8 /* GBMLoginAndRegister.storyboard in Resources */ = {isa = PBXBuildFile; fileRef = 994BB5171BB68DF800420EB8 /* GBMLoginAndRegister.storyboard */; settings = {ASSET_TAGS = (); }; };
		994BB51F1BB68DF800420EB8 /* GBMMy.storyboard in Resources */ = {isa = PBXBuildFile; fileRef = 994BB5181BB68DF800420EB8 /* GBMMy.storyboard */; settings = {ASSET_TAGS = (); }; };
		994BB5201BB68DF800420EB8 /* GBMPublish.storyboard in Resources */ = {isa = PBXBuildFile; fileRef = 994BB5191BB68DF800420EB8 /* GBMPublish.storyboard */; settings = {ASSET_TAGS = (); }; };
		994BB5211BB68DF800420EB8 /* GBMSquare.storyboard in Resources */ = {isa = PBXBuildFile; fileRef = 994BB51A1BB68DF800420EB8 /* GBMSquare.storyboard */; settings = {ASSET_TAGS = (); }; };
		994BB5221BB68DF800420EB8 /* GBMViewDetail.storyboard in Resources */ = {isa = PBXBuildFile; fileRef = 994BB51B1BB68DF800420EB8 /* GBMViewDetail.storyboard */; settings = {ASSET_TAGS = (); }; };
		994BB5271BB68E0D00420EB8 /* GBMPublishViewController.m in Sources */ = {isa = PBXBuildFile; fileRef = 994BB5251BB68E0D00420EB8 /* GBMPublishViewController.m */; settings = {ASSET_TAGS = (); }; };
		994BB5281BB68E0D00420EB8 /* Untitled.jpg in Resources */ = {isa = PBXBuildFile; fileRef = 994BB5261BB68E0D00420EB8 /* Untitled.jpg */; settings = {ASSET_TAGS = (); }; };
		C93EB5C31BAFD7EE007DCAB4 /* GBMLoginRequest.m in Sources */ = {isa = PBXBuildFile; fileRef = C93EB5C21BAFD7EE007DCAB4 /* GBMLoginRequest.m */; };
		C93EB5C61BAFD87B007DCAB4 /* GBMRegisterRequest.m in Sources */ = {isa = PBXBuildFile; fileRef = C93EB5C51BAFD87B007DCAB4 /* GBMRegisterRequest.m */; };
		C93EB5CA1BAFDC60007DCAB4 /* BLMultipartForm.m in Sources */ = {isa = PBXBuildFile; fileRef = C93EB5C91BAFDC60007DCAB4 /* BLMultipartForm.m */; };
		C93EB5CE1BAFE464007DCAB4 /* GBMLoginRequestParser.m in Sources */ = {isa = PBXBuildFile; fileRef = C93EB5CD1BAFE464007DCAB4 /* GBMLoginRequestParser.m */; };
		C93EB5D11BAFE9A9007DCAB4 /* GBMRegisterRequestParser.m in Sources */ = {isa = PBXBuildFile; fileRef = C93EB5D01BAFE9A9007DCAB4 /* GBMRegisterRequestParser.m */; };
<<<<<<< HEAD
		C977C2E71BB6D073000792A4 /* GBMHeadImageViewController.m in Sources */ = {isa = PBXBuildFile; fileRef = C977C2E61BB6D073000792A4 /* GBMHeadImageViewController.m */; settings = {ASSET_TAGS = (); }; };
		C9DBAE551BB3A3070036561C /* GBMMy.storyboard in Resources */ = {isa = PBXBuildFile; fileRef = C9DBAE541BB3A3070036561C /* GBMMy.storyboard */; settings = {ASSET_TAGS = (); }; };
		DFD76C6A1BB22EE100AAF041 /* GBMPublishCell.m in Sources */ = {isa = PBXBuildFile; fileRef = DFD76C681BB22EE100AAF041 /* GBMPublishCell.m */; };
		DFD76C6B1BB22EE100AAF041 /* GBMPublishCell.xib in Resources */ = {isa = PBXBuildFile; fileRef = DFD76C691BB22EE100AAF041 /* GBMPublishCell.xib */; };
=======
>>>>>>> origin/master
		DFD76C701BB28F8F00AAF041 /* GBMPublishRequest.m in Sources */ = {isa = PBXBuildFile; fileRef = DFD76C6F1BB28F8F00AAF041 /* GBMPublishRequest.m */; };
		DFFB3C261BB1756000396F7A /* Main.xcassets in Resources */ = {isa = PBXBuildFile; fileRef = DFFB3C251BB1756000396F7A /* Main.xcassets */; };
		E987E9941BAFA61700D4A039 /* GBMUserModel.m in Sources */ = {isa = PBXBuildFile; fileRef = E987E9931BAFA61700D4A039 /* GBMUserModel.m */; };
		E987E9951BAFA61700D4A039 /* GBMUserModel.m in Sources */ = {isa = PBXBuildFile; fileRef = E987E9931BAFA61700D4A039 /* GBMUserModel.m */; };
		E987E9991BAFA63900D4A039 /* GBMSquareModel.m in Sources */ = {isa = PBXBuildFile; fileRef = E987E9981BAFA63900D4A039 /* GBMSquareModel.m */; };
		E987E99A1BAFA63900D4A039 /* GBMSquareModel.m in Sources */ = {isa = PBXBuildFile; fileRef = E987E9981BAFA63900D4A039 /* GBMSquareModel.m */; };
		E987E99D1BAFA64900D4A039 /* GBMPictureModel.m in Sources */ = {isa = PBXBuildFile; fileRef = E987E99C1BAFA64900D4A039 /* GBMPictureModel.m */; };
		E987E99E1BAFA64900D4A039 /* GBMPictureModel.m in Sources */ = {isa = PBXBuildFile; fileRef = E987E99C1BAFA64900D4A039 /* GBMPictureModel.m */; };
		E987E9A11BAFA66400D4A039 /* GBMLoginViewController.m in Sources */ = {isa = PBXBuildFile; fileRef = E987E9A01BAFA66400D4A039 /* GBMLoginViewController.m */; };
		E987E9A21BAFA66400D4A039 /* GBMLoginViewController.m in Sources */ = {isa = PBXBuildFile; fileRef = E987E9A01BAFA66400D4A039 /* GBMLoginViewController.m */; };
		E987E9A51BAFA71700D4A039 /* GBMRegisterViewController.m in Sources */ = {isa = PBXBuildFile; fileRef = E987E9A41BAFA71700D4A039 /* GBMRegisterViewController.m */; };
		E987E9A61BAFA71700D4A039 /* GBMRegisterViewController.m in Sources */ = {isa = PBXBuildFile; fileRef = E987E9A41BAFA71700D4A039 /* GBMRegisterViewController.m */; };
		E987E9A91BAFA72400D4A039 /* GBMMyViewController.m in Sources */ = {isa = PBXBuildFile; fileRef = E987E9A81BAFA72400D4A039 /* GBMMyViewController.m */; };
		E987E9AA1BAFA72400D4A039 /* GBMMyViewController.m in Sources */ = {isa = PBXBuildFile; fileRef = E987E9A81BAFA72400D4A039 /* GBMMyViewController.m */; };
		E987E9AD1BAFA73200D4A039 /* GBMSquareViewController.m in Sources */ = {isa = PBXBuildFile; fileRef = E987E9AC1BAFA73200D4A039 /* GBMSquareViewController.m */; };
		E987E9AE1BAFA73200D4A039 /* GBMSquareViewController.m in Sources */ = {isa = PBXBuildFile; fileRef = E987E9AC1BAFA73200D4A039 /* GBMSquareViewController.m */; };
		E9F17DC71BAF93B700C2948B /* main.m in Sources */ = {isa = PBXBuildFile; fileRef = E9F17DC61BAF93B700C2948B /* main.m */; };
		E9F17DCA1BAF93B700C2948B /* AppDelegate.m in Sources */ = {isa = PBXBuildFile; fileRef = E9F17DC91BAF93B700C2948B /* AppDelegate.m */; };
		E9F17DD21BAF93B700C2948B /* Images.xcassets in Resources */ = {isa = PBXBuildFile; fileRef = E9F17DD11BAF93B700C2948B /* Images.xcassets */; };
		E9F17DD51BAF93B700C2948B /* LaunchScreen.xib in Resources */ = {isa = PBXBuildFile; fileRef = E9F17DD31BAF93B700C2948B /* LaunchScreen.xib */; };
		E9F17DE11BAF93B700C2948B /* GBMoran_iOSTests.m in Sources */ = {isa = PBXBuildFile; fileRef = E9F17DE01BAF93B700C2948B /* GBMoran_iOSTests.m */; };
/* End PBXBuildFile section */

/* Begin PBXContainerItemProxy section */
		E9F17DDB1BAF93B700C2948B /* PBXContainerItemProxy */ = {
			isa = PBXContainerItemProxy;
			containerPortal = E9F17DB91BAF93B700C2948B /* Project object */;
			proxyType = 1;
			remoteGlobalIDString = E9F17DC01BAF93B700C2948B;
			remoteInfo = GBMoran_iOS;
		};
/* End PBXContainerItemProxy section */

/* Begin PBXFileReference section */
		994BB5131BB68DF800420EB8 /* GBMPublishCell.h */ = {isa = PBXFileReference; fileEncoding = 4; lastKnownFileType = sourcecode.c.h; path = GBMPublishCell.h; sourceTree = "<group>"; };
		994BB5141BB68DF800420EB8 /* GBMPublishCell.m */ = {isa = PBXFileReference; fileEncoding = 4; lastKnownFileType = sourcecode.c.objc; path = GBMPublishCell.m; sourceTree = "<group>"; };
		994BB5151BB68DF800420EB8 /* GBMPublishCell.xib */ = {isa = PBXFileReference; fileEncoding = 4; lastKnownFileType = file.xib; path = GBMPublishCell.xib; sourceTree = "<group>"; };
		994BB5171BB68DF800420EB8 /* GBMLoginAndRegister.storyboard */ = {isa = PBXFileReference; fileEncoding = 4; lastKnownFileType = file.storyboard; path = GBMLoginAndRegister.storyboard; sourceTree = "<group>"; };
		994BB5181BB68DF800420EB8 /* GBMMy.storyboard */ = {isa = PBXFileReference; fileEncoding = 4; lastKnownFileType = file.storyboard; path = GBMMy.storyboard; sourceTree = "<group>"; };
		994BB5191BB68DF800420EB8 /* GBMPublish.storyboard */ = {isa = PBXFileReference; fileEncoding = 4; lastKnownFileType = file.storyboard; path = GBMPublish.storyboard; sourceTree = "<group>"; };
		994BB51A1BB68DF800420EB8 /* GBMSquare.storyboard */ = {isa = PBXFileReference; fileEncoding = 4; lastKnownFileType = file.storyboard; path = GBMSquare.storyboard; sourceTree = "<group>"; };
		994BB51B1BB68DF800420EB8 /* GBMViewDetail.storyboard */ = {isa = PBXFileReference; fileEncoding = 4; lastKnownFileType = file.storyboard; path = GBMViewDetail.storyboard; sourceTree = "<group>"; };
		994BB5241BB68E0D00420EB8 /* GBMPublishViewController.h */ = {isa = PBXFileReference; fileEncoding = 4; lastKnownFileType = sourcecode.c.h; path = GBMPublishViewController.h; sourceTree = "<group>"; };
		994BB5251BB68E0D00420EB8 /* GBMPublishViewController.m */ = {isa = PBXFileReference; fileEncoding = 4; lastKnownFileType = sourcecode.c.objc; path = GBMPublishViewController.m; sourceTree = "<group>"; };
		994BB5261BB68E0D00420EB8 /* Untitled.jpg */ = {isa = PBXFileReference; lastKnownFileType = image.jpeg; path = Untitled.jpg; sourceTree = "<group>"; };
		C93EB5C11BAFD7EE007DCAB4 /* GBMLoginRequest.h */ = {isa = PBXFileReference; fileEncoding = 4; lastKnownFileType = sourcecode.c.h; path = GBMLoginRequest.h; sourceTree = "<group>"; };
		C93EB5C21BAFD7EE007DCAB4 /* GBMLoginRequest.m */ = {isa = PBXFileReference; fileEncoding = 4; lastKnownFileType = sourcecode.c.objc; path = GBMLoginRequest.m; sourceTree = "<group>"; };
		C93EB5C41BAFD87B007DCAB4 /* GBMRegisterRequest.h */ = {isa = PBXFileReference; fileEncoding = 4; lastKnownFileType = sourcecode.c.h; path = GBMRegisterRequest.h; sourceTree = "<group>"; };
		C93EB5C51BAFD87B007DCAB4 /* GBMRegisterRequest.m */ = {isa = PBXFileReference; fileEncoding = 4; lastKnownFileType = sourcecode.c.objc; path = GBMRegisterRequest.m; sourceTree = "<group>"; };
		C93EB5C81BAFDC60007DCAB4 /* BLMultipartForm.h */ = {isa = PBXFileReference; fileEncoding = 4; lastKnownFileType = sourcecode.c.h; path = BLMultipartForm.h; sourceTree = "<group>"; };
		C93EB5C91BAFDC60007DCAB4 /* BLMultipartForm.m */ = {isa = PBXFileReference; fileEncoding = 4; lastKnownFileType = sourcecode.c.objc; path = BLMultipartForm.m; sourceTree = "<group>"; };
		C93EB5CC1BAFE464007DCAB4 /* GBMLoginRequestParser.h */ = {isa = PBXFileReference; fileEncoding = 4; lastKnownFileType = sourcecode.c.h; path = GBMLoginRequestParser.h; sourceTree = "<group>"; };
		C93EB5CD1BAFE464007DCAB4 /* GBMLoginRequestParser.m */ = {isa = PBXFileReference; fileEncoding = 4; lastKnownFileType = sourcecode.c.objc; path = GBMLoginRequestParser.m; sourceTree = "<group>"; };
		C93EB5CF1BAFE9A9007DCAB4 /* GBMRegisterRequestParser.h */ = {isa = PBXFileReference; fileEncoding = 4; lastKnownFileType = sourcecode.c.h; path = GBMRegisterRequestParser.h; sourceTree = "<group>"; };
		C93EB5D01BAFE9A9007DCAB4 /* GBMRegisterRequestParser.m */ = {isa = PBXFileReference; fileEncoding = 4; lastKnownFileType = sourcecode.c.objc; path = GBMRegisterRequestParser.m; sourceTree = "<group>"; };
<<<<<<< HEAD
		C977C2E51BB6D073000792A4 /* GBMHeadImageViewController.h */ = {isa = PBXFileReference; fileEncoding = 4; lastKnownFileType = sourcecode.c.h; path = GBMHeadImageViewController.h; sourceTree = "<group>"; };
		C977C2E61BB6D073000792A4 /* GBMHeadImageViewController.m */ = {isa = PBXFileReference; fileEncoding = 4; lastKnownFileType = sourcecode.c.objc; path = GBMHeadImageViewController.m; sourceTree = "<group>"; };
		C9DBAE541BB3A3070036561C /* GBMMy.storyboard */ = {isa = PBXFileReference; fileEncoding = 4; lastKnownFileType = file.storyboard; path = GBMMy.storyboard; sourceTree = "<group>"; };
		DFD76C671BB22EE100AAF041 /* GBMPublishCell.h */ = {isa = PBXFileReference; fileEncoding = 4; lastKnownFileType = sourcecode.c.h; path = GBMPublishCell.h; sourceTree = "<group>"; };
		DFD76C681BB22EE100AAF041 /* GBMPublishCell.m */ = {isa = PBXFileReference; fileEncoding = 4; lastKnownFileType = sourcecode.c.objc; path = GBMPublishCell.m; sourceTree = "<group>"; };
		DFD76C691BB22EE100AAF041 /* GBMPublishCell.xib */ = {isa = PBXFileReference; fileEncoding = 4; lastKnownFileType = file.xib; path = GBMPublishCell.xib; sourceTree = "<group>"; };
=======
>>>>>>> origin/master
		DFD76C6E1BB28F8F00AAF041 /* GBMPublishRequest.h */ = {isa = PBXFileReference; fileEncoding = 4; lastKnownFileType = sourcecode.c.h; path = GBMPublishRequest.h; sourceTree = "<group>"; };
		DFD76C6F1BB28F8F00AAF041 /* GBMPublishRequest.m */ = {isa = PBXFileReference; fileEncoding = 4; lastKnownFileType = sourcecode.c.objc; path = GBMPublishRequest.m; sourceTree = "<group>"; };
		DFFB3C251BB1756000396F7A /* Main.xcassets */ = {isa = PBXFileReference; lastKnownFileType = folder.assetcatalog; path = Main.xcassets; sourceTree = "<group>"; };
		E987E9921BAFA61700D4A039 /* GBMUserModel.h */ = {isa = PBXFileReference; fileEncoding = 4; lastKnownFileType = sourcecode.c.h; path = GBMUserModel.h; sourceTree = "<group>"; };
		E987E9931BAFA61700D4A039 /* GBMUserModel.m */ = {isa = PBXFileReference; fileEncoding = 4; lastKnownFileType = sourcecode.c.objc; path = GBMUserModel.m; sourceTree = "<group>"; };
		E987E9971BAFA63900D4A039 /* GBMSquareModel.h */ = {isa = PBXFileReference; fileEncoding = 4; lastKnownFileType = sourcecode.c.h; path = GBMSquareModel.h; sourceTree = "<group>"; };
		E987E9981BAFA63900D4A039 /* GBMSquareModel.m */ = {isa = PBXFileReference; fileEncoding = 4; lastKnownFileType = sourcecode.c.objc; path = GBMSquareModel.m; sourceTree = "<group>"; };
		E987E99B1BAFA64900D4A039 /* GBMPictureModel.h */ = {isa = PBXFileReference; fileEncoding = 4; lastKnownFileType = sourcecode.c.h; path = GBMPictureModel.h; sourceTree = "<group>"; };
		E987E99C1BAFA64900D4A039 /* GBMPictureModel.m */ = {isa = PBXFileReference; fileEncoding = 4; lastKnownFileType = sourcecode.c.objc; path = GBMPictureModel.m; sourceTree = "<group>"; };
		E987E99F1BAFA66400D4A039 /* GBMLoginViewController.h */ = {isa = PBXFileReference; fileEncoding = 4; lastKnownFileType = sourcecode.c.h; path = GBMLoginViewController.h; sourceTree = "<group>"; };
		E987E9A01BAFA66400D4A039 /* GBMLoginViewController.m */ = {isa = PBXFileReference; fileEncoding = 4; lastKnownFileType = sourcecode.c.objc; path = GBMLoginViewController.m; sourceTree = "<group>"; };
		E987E9A31BAFA71700D4A039 /* GBMRegisterViewController.h */ = {isa = PBXFileReference; fileEncoding = 4; lastKnownFileType = sourcecode.c.h; path = GBMRegisterViewController.h; sourceTree = "<group>"; };
		E987E9A41BAFA71700D4A039 /* GBMRegisterViewController.m */ = {isa = PBXFileReference; fileEncoding = 4; lastKnownFileType = sourcecode.c.objc; path = GBMRegisterViewController.m; sourceTree = "<group>"; };
		E987E9A71BAFA72400D4A039 /* GBMMyViewController.h */ = {isa = PBXFileReference; fileEncoding = 4; lastKnownFileType = sourcecode.c.h; path = GBMMyViewController.h; sourceTree = "<group>"; };
		E987E9A81BAFA72400D4A039 /* GBMMyViewController.m */ = {isa = PBXFileReference; fileEncoding = 4; lastKnownFileType = sourcecode.c.objc; path = GBMMyViewController.m; sourceTree = "<group>"; };
		E987E9AB1BAFA73200D4A039 /* GBMSquareViewController.h */ = {isa = PBXFileReference; fileEncoding = 4; lastKnownFileType = sourcecode.c.h; path = GBMSquareViewController.h; sourceTree = "<group>"; };
		E987E9AC1BAFA73200D4A039 /* GBMSquareViewController.m */ = {isa = PBXFileReference; fileEncoding = 4; lastKnownFileType = sourcecode.c.objc; path = GBMSquareViewController.m; sourceTree = "<group>"; };
		E9F17DC11BAF93B700C2948B /* GBMoran_iOS.app */ = {isa = PBXFileReference; explicitFileType = wrapper.application; includeInIndex = 0; path = GBMoran_iOS.app; sourceTree = BUILT_PRODUCTS_DIR; };
		E9F17DC51BAF93B700C2948B /* Info.plist */ = {isa = PBXFileReference; lastKnownFileType = text.plist.xml; path = Info.plist; sourceTree = "<group>"; };
		E9F17DC61BAF93B700C2948B /* main.m */ = {isa = PBXFileReference; lastKnownFileType = sourcecode.c.objc; path = main.m; sourceTree = "<group>"; };
		E9F17DC81BAF93B700C2948B /* AppDelegate.h */ = {isa = PBXFileReference; lastKnownFileType = sourcecode.c.h; path = AppDelegate.h; sourceTree = "<group>"; };
		E9F17DC91BAF93B700C2948B /* AppDelegate.m */ = {isa = PBXFileReference; lastKnownFileType = sourcecode.c.objc; path = AppDelegate.m; sourceTree = "<group>"; };
		E9F17DD11BAF93B700C2948B /* Images.xcassets */ = {isa = PBXFileReference; lastKnownFileType = folder.assetcatalog; path = Images.xcassets; sourceTree = "<group>"; };
		E9F17DD41BAF93B700C2948B /* Base */ = {isa = PBXFileReference; lastKnownFileType = file.xib; name = Base; path = Base.lproj/LaunchScreen.xib; sourceTree = "<group>"; };
		E9F17DDA1BAF93B700C2948B /* GBMoran_iOSTests.xctest */ = {isa = PBXFileReference; explicitFileType = wrapper.cfbundle; includeInIndex = 0; path = GBMoran_iOSTests.xctest; sourceTree = BUILT_PRODUCTS_DIR; };
		E9F17DDF1BAF93B700C2948B /* Info.plist */ = {isa = PBXFileReference; lastKnownFileType = text.plist.xml; path = Info.plist; sourceTree = "<group>"; };
		E9F17DE01BAF93B700C2948B /* GBMoran_iOSTests.m */ = {isa = PBXFileReference; lastKnownFileType = sourcecode.c.objc; path = GBMoran_iOSTests.m; sourceTree = "<group>"; };
/* End PBXFileReference section */

/* Begin PBXFrameworksBuildPhase section */
		E9F17DBE1BAF93B700C2948B /* Frameworks */ = {
			isa = PBXFrameworksBuildPhase;
			buildActionMask = 2147483647;
			files = (
			);
			runOnlyForDeploymentPostprocessing = 0;
		};
		E9F17DD71BAF93B700C2948B /* Frameworks */ = {
			isa = PBXFrameworksBuildPhase;
			buildActionMask = 2147483647;
			files = (
			);
			runOnlyForDeploymentPostprocessing = 0;
		};
/* End PBXFrameworksBuildPhase section */

/* Begin PBXGroup section */
		994BB5101BB68D1E00420EB8 /* ViewDetail */ = {
			isa = PBXGroup;
			children = (
			);
			name = ViewDetail;
			sourceTree = "<group>";
		};
		994BB5111BB68DF800420EB8 /* Views */ = {
			isa = PBXGroup;
			children = (
				994BB5121BB68DF800420EB8 /* Cell */,
				994BB5161BB68DF800420EB8 /* Storyboard */,
			);
			path = Views;
			sourceTree = "<group>";
		};
		994BB5121BB68DF800420EB8 /* Cell */ = {
			isa = PBXGroup;
			children = (
				994BB5131BB68DF800420EB8 /* GBMPublishCell.h */,
				994BB5141BB68DF800420EB8 /* GBMPublishCell.m */,
				994BB5151BB68DF800420EB8 /* GBMPublishCell.xib */,
			);
			path = Cell;
			sourceTree = "<group>";
		};
		994BB5161BB68DF800420EB8 /* Storyboard */ = {
			isa = PBXGroup;
			children = (
				994BB5171BB68DF800420EB8 /* GBMLoginAndRegister.storyboard */,
				994BB5181BB68DF800420EB8 /* GBMMy.storyboard */,
				994BB5191BB68DF800420EB8 /* GBMPublish.storyboard */,
				994BB51A1BB68DF800420EB8 /* GBMSquare.storyboard */,
				994BB51B1BB68DF800420EB8 /* GBMViewDetail.storyboard */,
			);
			path = Storyboard;
			sourceTree = "<group>";
		};
		994BB5231BB68E0D00420EB8 /* Publish */ = {
			isa = PBXGroup;
			children = (
				994BB5241BB68E0D00420EB8 /* GBMPublishViewController.h */,
				994BB5251BB68E0D00420EB8 /* GBMPublishViewController.m */,
				994BB5261BB68E0D00420EB8 /* Untitled.jpg */,
			);
			path = Publish;
			sourceTree = "<group>";
		};
		C93EB5C01BAFD5D9007DCAB4 /* Requests */ = {
			isa = PBXGroup;
			children = (
				E9CA0CF51BB2A81500695D6E /* LoginAndRegister */,
				DFD76C6D1BB28F7400AAF041 /* Publish */,
			);
			path = Requests;
			sourceTree = "<group>";
		};
		C93EB5C71BAFDC60007DCAB4 /* Utilities */ = {
			isa = PBXGroup;
			children = (
				C93EB5C81BAFDC60007DCAB4 /* BLMultipartForm.h */,
				C93EB5C91BAFDC60007DCAB4 /* BLMultipartForm.m */,
			);
			path = Utilities;
			sourceTree = "<group>";
		};
		C93EB5CB1BAFE464007DCAB4 /* Parsers */ = {
			isa = PBXGroup;
			children = (
				C93EB5CC1BAFE464007DCAB4 /* GBMLoginRequestParser.h */,
				C93EB5CD1BAFE464007DCAB4 /* GBMLoginRequestParser.m */,
				C93EB5CF1BAFE9A9007DCAB4 /* GBMRegisterRequestParser.h */,
				C93EB5D01BAFE9A9007DCAB4 /* GBMRegisterRequestParser.m */,
			);
			path = Parsers;
			sourceTree = "<group>";
		};
		DFD76C6D1BB28F7400AAF041 /* Publish */ = {
			isa = PBXGroup;
			children = (
				DFD76C6E1BB28F8F00AAF041 /* GBMPublishRequest.h */,
				DFD76C6F1BB28F8F00AAF041 /* GBMPublishRequest.m */,
			);
			name = Publish;
			sourceTree = "<group>";
		};
		E987E9801BAFA53900D4A039 /* Controllers */ = {
			isa = PBXGroup;
			children = (
				E987E9811BAFA53900D4A039 /* LoginAndRegister */,
				E987E9821BAFA53900D4A039 /* My */,
				E987E9831BAFA53900D4A039 /* Square */,
			);
			path = Controllers;
			sourceTree = "<group>";
		};
		E987E9811BAFA53900D4A039 /* LoginAndRegister */ = {
			isa = PBXGroup;
			children = (
				E987E99F1BAFA66400D4A039 /* GBMLoginViewController.h */,
				E987E9A01BAFA66400D4A039 /* GBMLoginViewController.m */,
				E987E9A31BAFA71700D4A039 /* GBMRegisterViewController.h */,
				E987E9A41BAFA71700D4A039 /* GBMRegisterViewController.m */,
			);
			path = LoginAndRegister;
			sourceTree = "<group>";
		};
		E987E9821BAFA53900D4A039 /* My */ = {
			isa = PBXGroup;
			children = (
				E987E9A71BAFA72400D4A039 /* GBMMyViewController.h */,
				E987E9A81BAFA72400D4A039 /* GBMMyViewController.m */,
				C977C2E51BB6D073000792A4 /* GBMHeadImageViewController.h */,
				C977C2E61BB6D073000792A4 /* GBMHeadImageViewController.m */,
			);
			path = My;
			sourceTree = "<group>";
		};
		E987E9831BAFA53900D4A039 /* Square */ = {
			isa = PBXGroup;
			children = (
				994BB5231BB68E0D00420EB8 /* Publish */,
				994BB5101BB68D1E00420EB8 /* ViewDetail */,
				E987E9AB1BAFA73200D4A039 /* GBMSquareViewController.h */,
				E987E9AC1BAFA73200D4A039 /* GBMSquareViewController.m */,
			);
			path = Square;
			sourceTree = "<group>";
		};
		E987E9841BAFA54000D4A039 /* Models */ = {
			isa = PBXGroup;
			children = (
				E987E9851BAFA54000D4A039 /* Picture */,
				E987E9861BAFA54000D4A039 /* Square */,
				E987E9871BAFA54000D4A039 /* User */,
			);
			path = Models;
			sourceTree = "<group>";
		};
		E987E9851BAFA54000D4A039 /* Picture */ = {
			isa = PBXGroup;
			children = (
				E987E99B1BAFA64900D4A039 /* GBMPictureModel.h */,
				E987E99C1BAFA64900D4A039 /* GBMPictureModel.m */,
			);
			path = Picture;
			sourceTree = "<group>";
		};
		E987E9861BAFA54000D4A039 /* Square */ = {
			isa = PBXGroup;
			children = (
				E987E9971BAFA63900D4A039 /* GBMSquareModel.h */,
				E987E9981BAFA63900D4A039 /* GBMSquareModel.m */,
			);
			path = Square;
			sourceTree = "<group>";
		};
		E987E9871BAFA54000D4A039 /* User */ = {
			isa = PBXGroup;
			children = (
				E987E9921BAFA61700D4A039 /* GBMUserModel.h */,
				E987E9931BAFA61700D4A039 /* GBMUserModel.m */,
			);
			path = User;
			sourceTree = "<group>";
		};
		E987E98A1BAFA57100D4A039 /* APP */ = {
			isa = PBXGroup;
			children = (
				E9F17DC81BAF93B700C2948B /* AppDelegate.h */,
				E9F17DC91BAF93B700C2948B /* AppDelegate.m */,
			);
			name = APP;
			sourceTree = "<group>";
		};
		E987E98B1BAFA58200D4A039 /* Resources */ = {
			isa = PBXGroup;
			children = (
				DFFB3C251BB1756000396F7A /* Main.xcassets */,
				E9F17DD11BAF93B700C2948B /* Images.xcassets */,
				E9F17DD31BAF93B700C2948B /* LaunchScreen.xib */,
			);
			name = Resources;
			sourceTree = "<group>";
		};
		E9CA0CF31BB2A7E600695D6E /* Public */ = {
			isa = PBXGroup;
			children = (
				E9CA0CF41BB2A7F800695D6E /* Network */,
			);
			name = Public;
			sourceTree = "<group>";
		};
		E9CA0CF41BB2A7F800695D6E /* Network */ = {
			isa = PBXGroup;
			children = (
				C93EB5C01BAFD5D9007DCAB4 /* Requests */,
				C93EB5C71BAFDC60007DCAB4 /* Utilities */,
				C93EB5CB1BAFE464007DCAB4 /* Parsers */,
			);
			name = Network;
			sourceTree = "<group>";
		};
		E9CA0CF51BB2A81500695D6E /* LoginAndRegister */ = {
			isa = PBXGroup;
			children = (
				C93EB5C11BAFD7EE007DCAB4 /* GBMLoginRequest.h */,
				C93EB5C21BAFD7EE007DCAB4 /* GBMLoginRequest.m */,
				C93EB5C41BAFD87B007DCAB4 /* GBMRegisterRequest.h */,
				C93EB5C51BAFD87B007DCAB4 /* GBMRegisterRequest.m */,
			);
			name = LoginAndRegister;
			sourceTree = "<group>";
		};
		E9CA0CF61BB2A87E00695D6E /* Library */ = {
			isa = PBXGroup;
			children = (
			);
			name = Library;
			sourceTree = "<group>";
		};
		E9F17DB81BAF93B700C2948B = {
			isa = PBXGroup;
			children = (
				E9F17DC31BAF93B700C2948B /* GBMoran_iOS */,
				E9F17DDD1BAF93B700C2948B /* GBMoran_iOSTests */,
				E9F17DC21BAF93B700C2948B /* Products */,
			);
			sourceTree = "<group>";
		};
		E9F17DC21BAF93B700C2948B /* Products */ = {
			isa = PBXGroup;
			children = (
				E9F17DC11BAF93B700C2948B /* GBMoran_iOS.app */,
				E9F17DDA1BAF93B700C2948B /* GBMoran_iOSTests.xctest */,
			);
			name = Products;
			sourceTree = "<group>";
		};
		E9F17DC31BAF93B700C2948B /* GBMoran_iOS */ = {
			isa = PBXGroup;
			children = (
				994BB5111BB68DF800420EB8 /* Views */,
				E987E9801BAFA53900D4A039 /* Controllers */,
				E987E9841BAFA54000D4A039 /* Models */,
				E9CA0CF61BB2A87E00695D6E /* Library */,
				E9CA0CF31BB2A7E600695D6E /* Public */,
				E987E98B1BAFA58200D4A039 /* Resources */,
				E987E98A1BAFA57100D4A039 /* APP */,
				E9F17DC41BAF93B700C2948B /* Supporting Files */,
			);
			path = GBMoran_iOS;
			sourceTree = "<group>";
		};
		E9F17DC41BAF93B700C2948B /* Supporting Files */ = {
			isa = PBXGroup;
			children = (
				E9F17DC51BAF93B700C2948B /* Info.plist */,
				E9F17DC61BAF93B700C2948B /* main.m */,
			);
			name = "Supporting Files";
			sourceTree = "<group>";
		};
		E9F17DDD1BAF93B700C2948B /* GBMoran_iOSTests */ = {
			isa = PBXGroup;
			children = (
				E9F17DE01BAF93B700C2948B /* GBMoran_iOSTests.m */,
				E9F17DDE1BAF93B700C2948B /* Supporting Files */,
			);
			path = GBMoran_iOSTests;
			sourceTree = "<group>";
		};
		E9F17DDE1BAF93B700C2948B /* Supporting Files */ = {
			isa = PBXGroup;
			children = (
				E9F17DDF1BAF93B700C2948B /* Info.plist */,
			);
			name = "Supporting Files";
			sourceTree = "<group>";
		};
/* End PBXGroup section */

/* Begin PBXNativeTarget section */
		E9F17DC01BAF93B700C2948B /* GBMoran_iOS */ = {
			isa = PBXNativeTarget;
			buildConfigurationList = E9F17DE41BAF93B700C2948B /* Build configuration list for PBXNativeTarget "GBMoran_iOS" */;
			buildPhases = (
				E9F17DBD1BAF93B700C2948B /* Sources */,
				E9F17DBE1BAF93B700C2948B /* Frameworks */,
				E9F17DBF1BAF93B700C2948B /* Resources */,
			);
			buildRules = (
			);
			dependencies = (
			);
			name = GBMoran_iOS;
			productName = GBMoran_iOS;
			productReference = E9F17DC11BAF93B700C2948B /* GBMoran_iOS.app */;
			productType = "com.apple.product-type.application";
		};
		E9F17DD91BAF93B700C2948B /* GBMoran_iOSTests */ = {
			isa = PBXNativeTarget;
			buildConfigurationList = E9F17DE71BAF93B700C2948B /* Build configuration list for PBXNativeTarget "GBMoran_iOSTests" */;
			buildPhases = (
				E9F17DD61BAF93B700C2948B /* Sources */,
				E9F17DD71BAF93B700C2948B /* Frameworks */,
				E9F17DD81BAF93B700C2948B /* Resources */,
			);
			buildRules = (
			);
			dependencies = (
				E9F17DDC1BAF93B700C2948B /* PBXTargetDependency */,
			);
			name = GBMoran_iOSTests;
			productName = GBMoran_iOSTests;
			productReference = E9F17DDA1BAF93B700C2948B /* GBMoran_iOSTests.xctest */;
			productType = "com.apple.product-type.bundle.unit-test";
		};
/* End PBXNativeTarget section */

/* Begin PBXProject section */
		E9F17DB91BAF93B700C2948B /* Project object */ = {
			isa = PBXProject;
			attributes = {
				LastUpgradeCheck = 0700;
				ORGANIZATIONNAME = Brave;
				TargetAttributes = {
					E9F17DC01BAF93B700C2948B = {
						CreatedOnToolsVersion = 6.1;
					};
					E9F17DD91BAF93B700C2948B = {
						CreatedOnToolsVersion = 6.1;
						TestTargetID = E9F17DC01BAF93B700C2948B;
					};
				};
			};
			buildConfigurationList = E9F17DBC1BAF93B700C2948B /* Build configuration list for PBXProject "GBMoran_iOS" */;
			compatibilityVersion = "Xcode 3.2";
			developmentRegion = English;
			hasScannedForEncodings = 0;
			knownRegions = (
				en,
				Base,
			);
			mainGroup = E9F17DB81BAF93B700C2948B;
			productRefGroup = E9F17DC21BAF93B700C2948B /* Products */;
			projectDirPath = "";
			projectRoot = "";
			targets = (
				E9F17DC01BAF93B700C2948B /* GBMoran_iOS */,
				E9F17DD91BAF93B700C2948B /* GBMoran_iOSTests */,
			);
		};
/* End PBXProject section */

/* Begin PBXResourcesBuildPhase section */
		E9F17DBF1BAF93B700C2948B /* Resources */ = {
			isa = PBXResourcesBuildPhase;
			buildActionMask = 2147483647;
			files = (
				994BB51E1BB68DF800420EB8 /* GBMLoginAndRegister.storyboard in Resources */,
				994BB5201BB68DF800420EB8 /* GBMPublish.storyboard in Resources */,
				DFFB3C261BB1756000396F7A /* Main.xcassets in Resources */,
				994BB5221BB68DF800420EB8 /* GBMViewDetail.storyboard in Resources */,
				994BB5281BB68E0D00420EB8 /* Untitled.jpg in Resources */,
				994BB51F1BB68DF800420EB8 /* GBMMy.storyboard in Resources */,
				E9F17DD51BAF93B700C2948B /* LaunchScreen.xib in Resources */,
				994BB5211BB68DF800420EB8 /* GBMSquare.storyboard in Resources */,
				994BB51D1BB68DF800420EB8 /* GBMPublishCell.xib in Resources */,
				E9F17DD21BAF93B700C2948B /* Images.xcassets in Resources */,
			);
			runOnlyForDeploymentPostprocessing = 0;
		};
		E9F17DD81BAF93B700C2948B /* Resources */ = {
			isa = PBXResourcesBuildPhase;
			buildActionMask = 2147483647;
			files = (
			);
			runOnlyForDeploymentPostprocessing = 0;
		};
/* End PBXResourcesBuildPhase section */

/* Begin PBXSourcesBuildPhase section */
		E9F17DBD1BAF93B700C2948B /* Sources */ = {
			isa = PBXSourcesBuildPhase;
			buildActionMask = 2147483647;
			files = (
				C93EB5CA1BAFDC60007DCAB4 /* BLMultipartForm.m in Sources */,
				C977C2E71BB6D073000792A4 /* GBMHeadImageViewController.m in Sources */,
				E987E9941BAFA61700D4A039 /* GBMUserModel.m in Sources */,
				E987E9A11BAFA66400D4A039 /* GBMLoginViewController.m in Sources */,
				E9F17DCA1BAF93B700C2948B /* AppDelegate.m in Sources */,
				DFD76C701BB28F8F00AAF041 /* GBMPublishRequest.m in Sources */,
				E987E9A91BAFA72400D4A039 /* GBMMyViewController.m in Sources */,
				E9F17DC71BAF93B700C2948B /* main.m in Sources */,
				994BB51C1BB68DF800420EB8 /* GBMPublishCell.m in Sources */,
				C93EB5C61BAFD87B007DCAB4 /* GBMRegisterRequest.m in Sources */,
				E987E99D1BAFA64900D4A039 /* GBMPictureModel.m in Sources */,
				C93EB5C31BAFD7EE007DCAB4 /* GBMLoginRequest.m in Sources */,
				E987E9A51BAFA71700D4A039 /* GBMRegisterViewController.m in Sources */,
				994BB5271BB68E0D00420EB8 /* GBMPublishViewController.m in Sources */,
				C93EB5CE1BAFE464007DCAB4 /* GBMLoginRequestParser.m in Sources */,
				E987E9991BAFA63900D4A039 /* GBMSquareModel.m in Sources */,
				C93EB5D11BAFE9A9007DCAB4 /* GBMRegisterRequestParser.m in Sources */,
				E987E9AD1BAFA73200D4A039 /* GBMSquareViewController.m in Sources */,
			);
			runOnlyForDeploymentPostprocessing = 0;
		};
		E9F17DD61BAF93B700C2948B /* Sources */ = {
			isa = PBXSourcesBuildPhase;
			buildActionMask = 2147483647;
			files = (
				E987E9A61BAFA71700D4A039 /* GBMRegisterViewController.m in Sources */,
				E9F17DE11BAF93B700C2948B /* GBMoran_iOSTests.m in Sources */,
				E987E9AE1BAFA73200D4A039 /* GBMSquareViewController.m in Sources */,
				E987E99A1BAFA63900D4A039 /* GBMSquareModel.m in Sources */,
				E987E9AA1BAFA72400D4A039 /* GBMMyViewController.m in Sources */,
				E987E9A21BAFA66400D4A039 /* GBMLoginViewController.m in Sources */,
				E987E9951BAFA61700D4A039 /* GBMUserModel.m in Sources */,
				E987E99E1BAFA64900D4A039 /* GBMPictureModel.m in Sources */,
			);
			runOnlyForDeploymentPostprocessing = 0;
		};
/* End PBXSourcesBuildPhase section */

/* Begin PBXTargetDependency section */
		E9F17DDC1BAF93B700C2948B /* PBXTargetDependency */ = {
			isa = PBXTargetDependency;
			target = E9F17DC01BAF93B700C2948B /* GBMoran_iOS */;
			targetProxy = E9F17DDB1BAF93B700C2948B /* PBXContainerItemProxy */;
		};
/* End PBXTargetDependency section */

/* Begin PBXVariantGroup section */
		E9F17DD31BAF93B700C2948B /* LaunchScreen.xib */ = {
			isa = PBXVariantGroup;
			children = (
				E9F17DD41BAF93B700C2948B /* Base */,
			);
			name = LaunchScreen.xib;
			sourceTree = "<group>";
		};
/* End PBXVariantGroup section */

/* Begin XCBuildConfiguration section */
		E9F17DE21BAF93B700C2948B /* Debug */ = {
			isa = XCBuildConfiguration;
			buildSettings = {
				ALWAYS_SEARCH_USER_PATHS = NO;
				CLANG_CXX_LANGUAGE_STANDARD = "gnu++0x";
				CLANG_CXX_LIBRARY = "libc++";
				CLANG_ENABLE_MODULES = YES;
				CLANG_ENABLE_OBJC_ARC = YES;
				CLANG_WARN_BOOL_CONVERSION = YES;
				CLANG_WARN_CONSTANT_CONVERSION = YES;
				CLANG_WARN_DIRECT_OBJC_ISA_USAGE = YES_ERROR;
				CLANG_WARN_EMPTY_BODY = YES;
				CLANG_WARN_ENUM_CONVERSION = YES;
				CLANG_WARN_INT_CONVERSION = YES;
				CLANG_WARN_OBJC_ROOT_CLASS = YES_ERROR;
				CLANG_WARN_UNREACHABLE_CODE = YES;
				CLANG_WARN__DUPLICATE_METHOD_MATCH = YES;
				"CODE_SIGN_IDENTITY[sdk=iphoneos*]" = "iPhone Developer";
				COPY_PHASE_STRIP = NO;
				ENABLE_STRICT_OBJC_MSGSEND = YES;
				ENABLE_TESTABILITY = YES;
				GCC_C_LANGUAGE_STANDARD = gnu99;
				GCC_DYNAMIC_NO_PIC = NO;
				GCC_OPTIMIZATION_LEVEL = 0;
				GCC_PREPROCESSOR_DEFINITIONS = (
					"DEBUG=1",
					"$(inherited)",
				);
				GCC_SYMBOLS_PRIVATE_EXTERN = NO;
				GCC_WARN_64_TO_32_BIT_CONVERSION = YES;
				GCC_WARN_ABOUT_RETURN_TYPE = YES_ERROR;
				GCC_WARN_UNDECLARED_SELECTOR = YES;
				GCC_WARN_UNINITIALIZED_AUTOS = YES_AGGRESSIVE;
				GCC_WARN_UNUSED_FUNCTION = YES;
				GCC_WARN_UNUSED_VARIABLE = YES;
				IPHONEOS_DEPLOYMENT_TARGET = 8.1;
				MTL_ENABLE_DEBUG_INFO = YES;
				ONLY_ACTIVE_ARCH = YES;
				SDKROOT = iphoneos;
				TARGETED_DEVICE_FAMILY = "1,2";
			};
			name = Debug;
		};
		E9F17DE31BAF93B700C2948B /* Release */ = {
			isa = XCBuildConfiguration;
			buildSettings = {
				ALWAYS_SEARCH_USER_PATHS = NO;
				CLANG_CXX_LANGUAGE_STANDARD = "gnu++0x";
				CLANG_CXX_LIBRARY = "libc++";
				CLANG_ENABLE_MODULES = YES;
				CLANG_ENABLE_OBJC_ARC = YES;
				CLANG_WARN_BOOL_CONVERSION = YES;
				CLANG_WARN_CONSTANT_CONVERSION = YES;
				CLANG_WARN_DIRECT_OBJC_ISA_USAGE = YES_ERROR;
				CLANG_WARN_EMPTY_BODY = YES;
				CLANG_WARN_ENUM_CONVERSION = YES;
				CLANG_WARN_INT_CONVERSION = YES;
				CLANG_WARN_OBJC_ROOT_CLASS = YES_ERROR;
				CLANG_WARN_UNREACHABLE_CODE = YES;
				CLANG_WARN__DUPLICATE_METHOD_MATCH = YES;
				"CODE_SIGN_IDENTITY[sdk=iphoneos*]" = "iPhone Developer";
				COPY_PHASE_STRIP = YES;
				ENABLE_NS_ASSERTIONS = NO;
				ENABLE_STRICT_OBJC_MSGSEND = YES;
				GCC_C_LANGUAGE_STANDARD = gnu99;
				GCC_WARN_64_TO_32_BIT_CONVERSION = YES;
				GCC_WARN_ABOUT_RETURN_TYPE = YES_ERROR;
				GCC_WARN_UNDECLARED_SELECTOR = YES;
				GCC_WARN_UNINITIALIZED_AUTOS = YES_AGGRESSIVE;
				GCC_WARN_UNUSED_FUNCTION = YES;
				GCC_WARN_UNUSED_VARIABLE = YES;
				IPHONEOS_DEPLOYMENT_TARGET = 8.1;
				MTL_ENABLE_DEBUG_INFO = NO;
				SDKROOT = iphoneos;
				TARGETED_DEVICE_FAMILY = "1,2";
				VALIDATE_PRODUCT = YES;
			};
			name = Release;
		};
		E9F17DE51BAF93B700C2948B /* Debug */ = {
			isa = XCBuildConfiguration;
			buildSettings = {
				ASSETCATALOG_COMPILER_APPICON_NAME = AppIcon;
				INFOPLIST_FILE = GBMoran_iOS/Info.plist;
				LD_RUNPATH_SEARCH_PATHS = "$(inherited) @executable_path/Frameworks";
				PRODUCT_BUNDLE_IDENTIFIER = "Brave.$(PRODUCT_NAME:rfc1034identifier)";
				PRODUCT_NAME = "$(TARGET_NAME)";
			};
			name = Debug;
		};
		E9F17DE61BAF93B700C2948B /* Release */ = {
			isa = XCBuildConfiguration;
			buildSettings = {
				ASSETCATALOG_COMPILER_APPICON_NAME = AppIcon;
				INFOPLIST_FILE = GBMoran_iOS/Info.plist;
				LD_RUNPATH_SEARCH_PATHS = "$(inherited) @executable_path/Frameworks";
				PRODUCT_BUNDLE_IDENTIFIER = "Brave.$(PRODUCT_NAME:rfc1034identifier)";
				PRODUCT_NAME = "$(TARGET_NAME)";
			};
			name = Release;
		};
		E9F17DE81BAF93B700C2948B /* Debug */ = {
			isa = XCBuildConfiguration;
			buildSettings = {
				BUNDLE_LOADER = "$(TEST_HOST)";
				FRAMEWORK_SEARCH_PATHS = (
					"$(SDKROOT)/Developer/Library/Frameworks",
					"$(inherited)",
				);
				GCC_PREPROCESSOR_DEFINITIONS = (
					"DEBUG=1",
					"$(inherited)",
				);
				INFOPLIST_FILE = GBMoran_iOSTests/Info.plist;
				LD_RUNPATH_SEARCH_PATHS = "$(inherited) @executable_path/Frameworks @loader_path/Frameworks";
				PRODUCT_BUNDLE_IDENTIFIER = "Brave.$(PRODUCT_NAME:rfc1034identifier)";
				PRODUCT_NAME = "$(TARGET_NAME)";
				TEST_HOST = "$(BUILT_PRODUCTS_DIR)/GBMoran_iOS.app/GBMoran_iOS";
			};
			name = Debug;
		};
		E9F17DE91BAF93B700C2948B /* Release */ = {
			isa = XCBuildConfiguration;
			buildSettings = {
				BUNDLE_LOADER = "$(TEST_HOST)";
				FRAMEWORK_SEARCH_PATHS = (
					"$(SDKROOT)/Developer/Library/Frameworks",
					"$(inherited)",
				);
				INFOPLIST_FILE = GBMoran_iOSTests/Info.plist;
				LD_RUNPATH_SEARCH_PATHS = "$(inherited) @executable_path/Frameworks @loader_path/Frameworks";
				PRODUCT_BUNDLE_IDENTIFIER = "Brave.$(PRODUCT_NAME:rfc1034identifier)";
				PRODUCT_NAME = "$(TARGET_NAME)";
				TEST_HOST = "$(BUILT_PRODUCTS_DIR)/GBMoran_iOS.app/GBMoran_iOS";
			};
			name = Release;
		};
/* End XCBuildConfiguration section */

/* Begin XCConfigurationList section */
		E9F17DBC1BAF93B700C2948B /* Build configuration list for PBXProject "GBMoran_iOS" */ = {
			isa = XCConfigurationList;
			buildConfigurations = (
				E9F17DE21BAF93B700C2948B /* Debug */,
				E9F17DE31BAF93B700C2948B /* Release */,
			);
			defaultConfigurationIsVisible = 0;
			defaultConfigurationName = Release;
		};
		E9F17DE41BAF93B700C2948B /* Build configuration list for PBXNativeTarget "GBMoran_iOS" */ = {
			isa = XCConfigurationList;
			buildConfigurations = (
				E9F17DE51BAF93B700C2948B /* Debug */,
				E9F17DE61BAF93B700C2948B /* Release */,
			);
			defaultConfigurationIsVisible = 0;
			defaultConfigurationName = Release;
		};
		E9F17DE71BAF93B700C2948B /* Build configuration list for PBXNativeTarget "GBMoran_iOSTests" */ = {
			isa = XCConfigurationList;
			buildConfigurations = (
				E9F17DE81BAF93B700C2948B /* Debug */,
				E9F17DE91BAF93B700C2948B /* Release */,
			);
			defaultConfigurationIsVisible = 0;
			defaultConfigurationName = Release;
		};
/* End XCConfigurationList section */
	};
	rootObject = E9F17DB91BAF93B700C2948B /* Project object */;
}
