// !$*UTF8*$!
{
	archiveVersion = 1;
	classes = {
	};
	objectVersion = 46;
	objects = {

/* Begin PBXBuildFile section */
		9900D7951BD0A46A00A4C32D /* GBMReNameRequest.m in Sources */ = {isa = PBXBuildFile; fileRef = 9900D7941BD0A46A00A4C32D /* GBMReNameRequest.m */; };
		9900D7981BD0C80D00A4C32D /* GBMGetImage.m in Sources */ = {isa = PBXBuildFile; fileRef = 9900D7971BD0C80D00A4C32D /* GBMGetImage.m */; };
		9900D79E1BD0CC0200A4C32D /* GBMReImageRequest.m in Sources */ = {isa = PBXBuildFile; fileRef = 9900D79D1BD0CC0200A4C32D /* GBMReImageRequest.m */; };
		993546501BD789C000881616 /* MAMapKit.framework in Frameworks */ = {isa = PBXBuildFile; fileRef = 9935464F1BD789BF00881616 /* MAMapKit.framework */; settings = {ASSET_TAGS = (); }; };
		993546521BD78AD900881616 /* UIKit.framework in Frameworks */ = {isa = PBXBuildFile; fileRef = 993546511BD78AD900881616 /* UIKit.framework */; };
		993546541BD78AE100881616 /* Foundation.framework in Frameworks */ = {isa = PBXBuildFile; fileRef = 993546531BD78AE100881616 /* Foundation.framework */; };
		993546551BD78B2100881616 /* libstdc++.6.0.9.tbd in Frameworks */ = {isa = PBXBuildFile; fileRef = 995CF0021BD47FF40052B5F7 /* libstdc++.6.0.9.tbd */; };
		993546571BD78B4600881616 /* libstdc++.tbd in Frameworks */ = {isa = PBXBuildFile; fileRef = 993546561BD78B4600881616 /* libstdc++.tbd */; };
		993546591BD78B4C00881616 /* libstdc++.6.tbd in Frameworks */ = {isa = PBXBuildFile; fileRef = 993546581BD78B4C00881616 /* libstdc++.6.tbd */; };
		9935465B1BD78B5F00881616 /* libz.1.2.5.tbd in Frameworks */ = {isa = PBXBuildFile; fileRef = 9935465A1BD78B5F00881616 /* libz.1.2.5.tbd */; };
		994BB51C1BB68DF800420EB8 /* GBMPublishCell.m in Sources */ = {isa = PBXBuildFile; fileRef = 994BB5141BB68DF800420EB8 /* GBMPublishCell.m */; };
		994BB51D1BB68DF800420EB8 /* GBMPublishCell.xib in Resources */ = {isa = PBXBuildFile; fileRef = 994BB5151BB68DF800420EB8 /* GBMPublishCell.xib */; };
		994BB51E1BB68DF800420EB8 /* GBMLoginAndRegister.storyboard in Resources */ = {isa = PBXBuildFile; fileRef = 994BB5171BB68DF800420EB8 /* GBMLoginAndRegister.storyboard */; };
		994BB51F1BB68DF800420EB8 /* GBMMy.storyboard in Resources */ = {isa = PBXBuildFile; fileRef = 994BB5181BB68DF800420EB8 /* GBMMy.storyboard */; };
		994BB5201BB68DF800420EB8 /* GBMPublish.storyboard in Resources */ = {isa = PBXBuildFile; fileRef = 994BB5191BB68DF800420EB8 /* GBMPublish.storyboard */; };
		994BB5211BB68DF800420EB8 /* GBMSquare3.storyboard in Resources */ = {isa = PBXBuildFile; fileRef = 994BB51A1BB68DF800420EB8 /* GBMSquare3.storyboard */; };
		994BB5221BB68DF800420EB8 /* GBMViewDetail.storyboard in Resources */ = {isa = PBXBuildFile; fileRef = 994BB51B1BB68DF800420EB8 /* GBMViewDetail.storyboard */; };
		994BB5271BB68E0D00420EB8 /* GBMPublishViewController.m in Sources */ = {isa = PBXBuildFile; fileRef = 994BB5251BB68E0D00420EB8 /* GBMPublishViewController.m */; };
		994BB5281BB68E0D00420EB8 /* Untitled.jpg in Resources */ = {isa = PBXBuildFile; fileRef = 994BB5261BB68E0D00420EB8 /* Untitled.jpg */; };
		995A79801BD72EF000D4A823 /* GBMPublishModel.m in Sources */ = {isa = PBXBuildFile; fileRef = 995A797C1BD72EF000D4A823 /* GBMPublishModel.m */; settings = {ASSET_TAGS = (); }; };
		995A79811BD72EF000D4A823 /* GBMViewDetailModel.m in Sources */ = {isa = PBXBuildFile; fileRef = 995A797F1BD72EF000D4A823 /* GBMViewDetailModel.m */; settings = {ASSET_TAGS = (); }; };
		995A79841BD72F5400D4A823 /* GBMLocationModel.m in Sources */ = {isa = PBXBuildFile; fileRef = 995A79831BD72F5400D4A823 /* GBMLocationModel.m */; settings = {ASSET_TAGS = (); }; };
		995A79871BD72F5E00D4A823 /* GBMLocationParser.m in Sources */ = {isa = PBXBuildFile; fileRef = 995A79861BD72F5E00D4A823 /* GBMLocationParser.m */; settings = {ASSET_TAGS = (); }; };
		995A7A1B1BD7685E00D4A823 /* GBMGlobal.m in Sources */ = {isa = PBXBuildFile; fileRef = 995A79CA1BD7685E00D4A823 /* GBMGlobal.m */; settings = {ASSET_TAGS = (); }; };
		995A7A1C1BD7685E00D4A823 /* KxMenu.m in Sources */ = {isa = PBXBuildFile; fileRef = 995A79CD1BD7685E00D4A823 /* KxMenu.m */; settings = {ASSET_TAGS = (); }; };
		995A7A1D1BD7685E00D4A823 /* MJRefresh.bundle in Resources */ = {isa = PBXBuildFile; fileRef = 995A79CF1BD7685E00D4A823 /* MJRefresh.bundle */; settings = {ASSET_TAGS = (); }; };
		995A7A1E1BD7685E00D4A823 /* MJRefreshAutoFooter.m in Sources */ = {isa = PBXBuildFile; fileRef = 995A79D21BD7685E00D4A823 /* MJRefreshAutoFooter.m */; settings = {ASSET_TAGS = (); }; };
		995A7A1F1BD7685E00D4A823 /* MJRefreshAutoGifFooter.m in Sources */ = {isa = PBXBuildFile; fileRef = 995A79D41BD7685E00D4A823 /* MJRefreshAutoGifFooter.m */; settings = {ASSET_TAGS = (); }; };
		995A7A201BD7685E00D4A823 /* MJRefreshAutoNormalFooter.m in Sources */ = {isa = PBXBuildFile; fileRef = 995A79D61BD7685E00D4A823 /* MJRefreshAutoNormalFooter.m */; settings = {ASSET_TAGS = (); }; };
		995A7A211BD7685E00D4A823 /* MJRefreshAutoStateFooter.m in Sources */ = {isa = PBXBuildFile; fileRef = 995A79D81BD7685E00D4A823 /* MJRefreshAutoStateFooter.m */; settings = {ASSET_TAGS = (); }; };
		995A7A221BD7685E00D4A823 /* MJRefreshBackFooter.m in Sources */ = {isa = PBXBuildFile; fileRef = 995A79DA1BD7685E00D4A823 /* MJRefreshBackFooter.m */; settings = {ASSET_TAGS = (); }; };
		995A7A231BD7685E00D4A823 /* MJRefreshBackGifFooter.m in Sources */ = {isa = PBXBuildFile; fileRef = 995A79DC1BD7685E00D4A823 /* MJRefreshBackGifFooter.m */; settings = {ASSET_TAGS = (); }; };
		995A7A241BD7685E00D4A823 /* MJRefreshBackNormalFooter.m in Sources */ = {isa = PBXBuildFile; fileRef = 995A79DE1BD7685E00D4A823 /* MJRefreshBackNormalFooter.m */; settings = {ASSET_TAGS = (); }; };
		995A7A251BD7685E00D4A823 /* MJRefreshBackStateFooter.m in Sources */ = {isa = PBXBuildFile; fileRef = 995A79E01BD7685E00D4A823 /* MJRefreshBackStateFooter.m */; settings = {ASSET_TAGS = (); }; };
		995A7A261BD7685E00D4A823 /* MJRefreshComponent.m in Sources */ = {isa = PBXBuildFile; fileRef = 995A79E21BD7685E00D4A823 /* MJRefreshComponent.m */; settings = {ASSET_TAGS = (); }; };
		995A7A271BD7685E00D4A823 /* MJRefreshConst.m in Sources */ = {isa = PBXBuildFile; fileRef = 995A79E41BD7685E00D4A823 /* MJRefreshConst.m */; settings = {ASSET_TAGS = (); }; };
		995A7A281BD7685E00D4A823 /* MJRefreshFooter.m in Sources */ = {isa = PBXBuildFile; fileRef = 995A79E61BD7685E00D4A823 /* MJRefreshFooter.m */; settings = {ASSET_TAGS = (); }; };
		995A7A291BD7685E00D4A823 /* MJRefreshGifHeader.m in Sources */ = {isa = PBXBuildFile; fileRef = 995A79E81BD7685E00D4A823 /* MJRefreshGifHeader.m */; settings = {ASSET_TAGS = (); }; };
		995A7A2A1BD7685E00D4A823 /* MJRefreshHeader.m in Sources */ = {isa = PBXBuildFile; fileRef = 995A79EA1BD7685E00D4A823 /* MJRefreshHeader.m */; settings = {ASSET_TAGS = (); }; };
		995A7A2B1BD7685E00D4A823 /* MJRefreshNormalHeader.m in Sources */ = {isa = PBXBuildFile; fileRef = 995A79EC1BD7685E00D4A823 /* MJRefreshNormalHeader.m */; settings = {ASSET_TAGS = (); }; };
		995A7A2C1BD7685E00D4A823 /* MJRefreshStateHeader.m in Sources */ = {isa = PBXBuildFile; fileRef = 995A79EE1BD7685E00D4A823 /* MJRefreshStateHeader.m */; settings = {ASSET_TAGS = (); }; };
		995A7A2D1BD7685E00D4A823 /* UIScrollView+MJExtension.m in Sources */ = {isa = PBXBuildFile; fileRef = 995A79F01BD7685E00D4A823 /* UIScrollView+MJExtension.m */; settings = {ASSET_TAGS = (); }; };
		995A7A2E1BD7685E00D4A823 /* UIScrollView+MJRefresh.m in Sources */ = {isa = PBXBuildFile; fileRef = 995A79F21BD7685E00D4A823 /* UIScrollView+MJRefresh.m */; settings = {ASSET_TAGS = (); }; };
		995A7A2F1BD7685E00D4A823 /* UIView+MJExtension.m in Sources */ = {isa = PBXBuildFile; fileRef = 995A79F41BD7685E00D4A823 /* UIView+MJExtension.m */; settings = {ASSET_TAGS = (); }; };
		995A7A301BD7685E00D4A823 /* MKAnnotationView+WebCache.m in Sources */ = {isa = PBXBuildFile; fileRef = 995A79F71BD7685E00D4A823 /* MKAnnotationView+WebCache.m */; settings = {ASSET_TAGS = (); }; };
		995A7A311BD7685E00D4A823 /* NSData+ImageContentType.m in Sources */ = {isa = PBXBuildFile; fileRef = 995A79F91BD7685E00D4A823 /* NSData+ImageContentType.m */; settings = {ASSET_TAGS = (); }; };
		995A7A321BD7685E00D4A823 /* SDImageCache.m in Sources */ = {isa = PBXBuildFile; fileRef = 995A79FB1BD7685E00D4A823 /* SDImageCache.m */; settings = {ASSET_TAGS = (); }; };
		995A7A331BD7685E00D4A823 /* SDWebImageCompat.m in Sources */ = {isa = PBXBuildFile; fileRef = 995A79FD1BD7685E00D4A823 /* SDWebImageCompat.m */; settings = {ASSET_TAGS = (); }; };
		995A7A341BD7685E00D4A823 /* SDWebImageDecoder.m in Sources */ = {isa = PBXBuildFile; fileRef = 995A79FF1BD7685E00D4A823 /* SDWebImageDecoder.m */; settings = {ASSET_TAGS = (); }; };
		995A7A351BD7685E00D4A823 /* SDWebImageDownloader.m in Sources */ = {isa = PBXBuildFile; fileRef = 995A7A011BD7685E00D4A823 /* SDWebImageDownloader.m */; settings = {ASSET_TAGS = (); }; };
		995A7A361BD7685E00D4A823 /* SDWebImageDownloaderOperation.m in Sources */ = {isa = PBXBuildFile; fileRef = 995A7A031BD7685E00D4A823 /* SDWebImageDownloaderOperation.m */; settings = {ASSET_TAGS = (); }; };
		995A7A371BD7685E00D4A823 /* SDWebImageManager.m in Sources */ = {isa = PBXBuildFile; fileRef = 995A7A051BD7685E00D4A823 /* SDWebImageManager.m */; settings = {ASSET_TAGS = (); }; };
		995A7A381BD7685E00D4A823 /* SDWebImagePrefetcher.m in Sources */ = {isa = PBXBuildFile; fileRef = 995A7A081BD7685E00D4A823 /* SDWebImagePrefetcher.m */; settings = {ASSET_TAGS = (); }; };
		995A7A391BD7685E00D4A823 /* UIButton+WebCache.m in Sources */ = {isa = PBXBuildFile; fileRef = 995A7A0A1BD7685E00D4A823 /* UIButton+WebCache.m */; settings = {ASSET_TAGS = (); }; };
		995A7A3A1BD7685E00D4A823 /* UIImage+GIF.m in Sources */ = {isa = PBXBuildFile; fileRef = 995A7A0C1BD7685E00D4A823 /* UIImage+GIF.m */; settings = {ASSET_TAGS = (); }; };
		995A7A3B1BD7685E00D4A823 /* UIImage+MultiFormat.m in Sources */ = {isa = PBXBuildFile; fileRef = 995A7A0E1BD7685E00D4A823 /* UIImage+MultiFormat.m */; settings = {ASSET_TAGS = (); }; };
		995A7A3C1BD7685E00D4A823 /* UIImage+WebP.m in Sources */ = {isa = PBXBuildFile; fileRef = 995A7A101BD7685E00D4A823 /* UIImage+WebP.m */; settings = {ASSET_TAGS = (); }; };
		995A7A3D1BD7685E00D4A823 /* UIImageView+HighlightedWebCache.m in Sources */ = {isa = PBXBuildFile; fileRef = 995A7A121BD7685E00D4A823 /* UIImageView+HighlightedWebCache.m */; settings = {ASSET_TAGS = (); }; };
		995A7A3E1BD7685E00D4A823 /* UIImageView+WebCache.m in Sources */ = {isa = PBXBuildFile; fileRef = 995A7A141BD7685E00D4A823 /* UIImageView+WebCache.m */; settings = {ASSET_TAGS = (); }; };
		995A7A3F1BD7685E00D4A823 /* UIView+WebCacheOperation.m in Sources */ = {isa = PBXBuildFile; fileRef = 995A7A161BD7685E00D4A823 /* UIView+WebCacheOperation.m */; settings = {ASSET_TAGS = (); }; };
		995A7A401BD7685E00D4A823 /* SVProgressHUD.bundle in Resources */ = {isa = PBXBuildFile; fileRef = 995A7A181BD7685E00D4A823 /* SVProgressHUD.bundle */; settings = {ASSET_TAGS = (); }; };
		995A7A411BD7685E00D4A823 /* SVProgressHUD.m in Sources */ = {isa = PBXBuildFile; fileRef = 995A7A1A1BD7685E00D4A823 /* SVProgressHUD.m */; settings = {ASSET_TAGS = (); }; };
		995A7A451BD7687000D4A823 /* AppDelegate.m in Sources */ = {isa = PBXBuildFile; fileRef = 995A7A441BD7687000D4A823 /* AppDelegate.m */; settings = {ASSET_TAGS = (); }; };
		995A7A481BD7688F00D4A823 /* UIColor+AddColor.m in Sources */ = {isa = PBXBuildFile; fileRef = 995A7A471BD7688F00D4A823 /* UIColor+AddColor.m */; settings = {ASSET_TAGS = (); }; };
		995CF0071BD480DF0052B5F7 /* AMapSearchKit.framework in Frameworks */ = {isa = PBXBuildFile; fileRef = 995CF0061BD480DF0052B5F7 /* AMapSearchKit.framework */; };
		995CF00D1BD4865D0052B5F7 /* GBMViewDetailRequest.m in Sources */ = {isa = PBXBuildFile; fileRef = 995CF00C1BD4865D0052B5F7 /* GBMViewDetailRequest.m */; };
		999CB1B41BBE303700F01E42 /* GBMViewDetailViewController.m in Sources */ = {isa = PBXBuildFile; fileRef = 999CB1B31BBE303700F01E42 /* GBMViewDetailViewController.m */; };
		C92D438A1BB7890A00FA1916 /* GBMNickNameViewController.m in Sources */ = {isa = PBXBuildFile; fileRef = C92D43891BB7890A00FA1916 /* GBMNickNameViewController.m */; };
		C92D438D1BB7891900FA1916 /* GBMHeadImageViewController.m in Sources */ = {isa = PBXBuildFile; fileRef = C92D438C1BB7891900FA1916 /* GBMHeadImageViewController.m */; };
		C93EB5C31BAFD7EE007DCAB4 /* GBMLoginRequest.m in Sources */ = {isa = PBXBuildFile; fileRef = C93EB5C21BAFD7EE007DCAB4 /* GBMLoginRequest.m */; };
		C93EB5C61BAFD87B007DCAB4 /* GBMRegisterRequest.m in Sources */ = {isa = PBXBuildFile; fileRef = C93EB5C51BAFD87B007DCAB4 /* GBMRegisterRequest.m */; };
		C93EB5CA1BAFDC60007DCAB4 /* BLMultipartForm.m in Sources */ = {isa = PBXBuildFile; fileRef = C93EB5C91BAFDC60007DCAB4 /* BLMultipartForm.m */; };
		C93EB5CE1BAFE464007DCAB4 /* GBMLoginRequestParser.m in Sources */ = {isa = PBXBuildFile; fileRef = C93EB5CD1BAFE464007DCAB4 /* GBMLoginRequestParser.m */; };
		C93EB5D11BAFE9A9007DCAB4 /* GBMRegisterRequestParser.m in Sources */ = {isa = PBXBuildFile; fileRef = C93EB5D01BAFE9A9007DCAB4 /* GBMRegisterRequestParser.m */; };
		C9D668AC1BBA3C4100208F9D /* GBMHomePageViewController.m in Sources */ = {isa = PBXBuildFile; fileRef = C9D668AA1BBA3C4100208F9D /* GBMHomePageViewController.m */; };
		DF22FEB81BD0B646008A893A /* GBMLocationRequest.m in Sources */ = {isa = PBXBuildFile; fileRef = DF22FEB71BD0B646008A893A /* GBMLocationRequest.m */; };
		DF755C2B1BD609F1005B0495 /* GBMCommentListCell.m in Sources */ = {isa = PBXBuildFile; fileRef = DF755C2A1BD609F1005B0495 /* GBMCommentListCell.m */; settings = {ASSET_TAGS = (); }; };
		DF755C2E1BD6129B005B0495 /* GBMViewDetailParser.m in Sources */ = {isa = PBXBuildFile; fileRef = DF755C2D1BD6129B005B0495 /* GBMViewDetailParser.m */; settings = {ASSET_TAGS = (); }; };
<<<<<<< HEAD
		DF755C311BD612DD005B0495 /* UIColor+AddColor.m in Sources */ = {isa = PBXBuildFile; fileRef = DF755C301BD612DD005B0495 /* UIColor+AddColor.m */; settings = {ASSET_TAGS = (); }; };
		DF755C341BD614A0005B0495 /* GBMViewDetailModel.m in Sources */ = {isa = PBXBuildFile; fileRef = DF755C331BD614A0005B0495 /* GBMViewDetailModel.m */; settings = {ASSET_TAGS = (); }; };
		DFAC95091BD78F9C00119885 /* GBMSquare.storyboard in Resources */ = {isa = PBXBuildFile; fileRef = DFAC95081BD78F9C00119885 /* GBMSquare.storyboard */; settings = {ASSET_TAGS = (); }; };
=======
>>>>>>> origin/master
		DFD76C701BB28F8F00AAF041 /* GBMPublishRequest.m in Sources */ = {isa = PBXBuildFile; fileRef = DFD76C6F1BB28F8F00AAF041 /* GBMPublishRequest.m */; };
		DFEB0BF51BB774040023543B /* GBMPublishRequestParser.m in Sources */ = {isa = PBXBuildFile; fileRef = DFEB0BF41BB774040023543B /* GBMPublishRequestParser.m */; };
		DFFB3C261BB1756000396F7A /* Main.xcassets in Resources */ = {isa = PBXBuildFile; fileRef = DFFB3C251BB1756000396F7A /* Main.xcassets */; };
		E91353A71BC5398B002DE9B3 /* GBMSquareCell.m in Sources */ = {isa = PBXBuildFile; fileRef = E91353A41BC5398B002DE9B3 /* GBMSquareCell.m */; };
		E91353A81BC5398B002DE9B3 /* GBMSquareCollectionCell.m in Sources */ = {isa = PBXBuildFile; fileRef = E91353A61BC5398B002DE9B3 /* GBMSquareCollectionCell.m */; };
		E96FBF4A1BC744B20073B788 /* GBMSquareRequest.m in Sources */ = {isa = PBXBuildFile; fileRef = E96FBF491BC744B20073B788 /* GBMSquareRequest.m */; };
		E96FBF4D1BC749010073B788 /* GBMSquareRequestParser.m in Sources */ = {isa = PBXBuildFile; fileRef = E96FBF4C1BC749010073B788 /* GBMSquareRequestParser.m */; };
		E987E9941BAFA61700D4A039 /* GBMUserModel.m in Sources */ = {isa = PBXBuildFile; fileRef = E987E9931BAFA61700D4A039 /* GBMUserModel.m */; };
		E987E9951BAFA61700D4A039 /* GBMUserModel.m in Sources */ = {isa = PBXBuildFile; fileRef = E987E9931BAFA61700D4A039 /* GBMUserModel.m */; };
		E987E9991BAFA63900D4A039 /* GBMSquareModel.m in Sources */ = {isa = PBXBuildFile; fileRef = E987E9981BAFA63900D4A039 /* GBMSquareModel.m */; };
		E987E99A1BAFA63900D4A039 /* GBMSquareModel.m in Sources */ = {isa = PBXBuildFile; fileRef = E987E9981BAFA63900D4A039 /* GBMSquareModel.m */; };
		E987E99D1BAFA64900D4A039 /* GBMPictureModel.m in Sources */ = {isa = PBXBuildFile; fileRef = E987E99C1BAFA64900D4A039 /* GBMPictureModel.m */; };
		E987E99E1BAFA64900D4A039 /* GBMPictureModel.m in Sources */ = {isa = PBXBuildFile; fileRef = E987E99C1BAFA64900D4A039 /* GBMPictureModel.m */; };
		E987E9A11BAFA66400D4A039 /* GBMLoginViewController.m in Sources */ = {isa = PBXBuildFile; fileRef = E987E9A01BAFA66400D4A039 /* GBMLoginViewController.m */; };
		E987E9A21BAFA66400D4A039 /* GBMLoginViewController.m in Sources */ = {isa = PBXBuildFile; fileRef = E987E9A01BAFA66400D4A039 /* GBMLoginViewController.m */; };
		E987E9A51BAFA71700D4A039 /* GBMRegisterViewController.m in Sources */ = {isa = PBXBuildFile; fileRef = E987E9A41BAFA71700D4A039 /* GBMRegisterViewController.m */; };
		E987E9A61BAFA71700D4A039 /* GBMRegisterViewController.m in Sources */ = {isa = PBXBuildFile; fileRef = E987E9A41BAFA71700D4A039 /* GBMRegisterViewController.m */; };
		E987E9A91BAFA72400D4A039 /* GBMMyViewController.m in Sources */ = {isa = PBXBuildFile; fileRef = E987E9A81BAFA72400D4A039 /* GBMMyViewController.m */; };
		E987E9AA1BAFA72400D4A039 /* GBMMyViewController.m in Sources */ = {isa = PBXBuildFile; fileRef = E987E9A81BAFA72400D4A039 /* GBMMyViewController.m */; };
		E987E9AD1BAFA73200D4A039 /* GBMSquareViewController.m in Sources */ = {isa = PBXBuildFile; fileRef = E987E9AC1BAFA73200D4A039 /* GBMSquareViewController.m */; };
		E9E1714A1BD2150800218C42 /* AMap.bundle in Resources */ = {isa = PBXBuildFile; fileRef = E9E171491BD2150800218C42 /* AMap.bundle */; };
		E9E1714C1BD2152D00218C42 /* CoreLocation.framework in Frameworks */ = {isa = PBXBuildFile; fileRef = E9E1714B1BD2152D00218C42 /* CoreLocation.framework */; };
		E9E1714E1BD2159600218C42 /* CoreGraphics.framework in Frameworks */ = {isa = PBXBuildFile; fileRef = E9E1714D1BD2159600218C42 /* CoreGraphics.framework */; };
		E9E171501BD2159D00218C42 /* QuartzCore.framework in Frameworks */ = {isa = PBXBuildFile; fileRef = E9E1714F1BD2159D00218C42 /* QuartzCore.framework */; };
		E9E171521BD215A700218C42 /* OpenGLES.framework in Frameworks */ = {isa = PBXBuildFile; fileRef = E9E171511BD215A700218C42 /* OpenGLES.framework */; };
		E9E171541BD215AF00218C42 /* CoreTelephony.framework in Frameworks */ = {isa = PBXBuildFile; fileRef = E9E171531BD215AF00218C42 /* CoreTelephony.framework */; };
		E9E171561BD215B600218C42 /* SystemConfiguration.framework in Frameworks */ = {isa = PBXBuildFile; fileRef = E9E171551BD215B600218C42 /* SystemConfiguration.framework */; };
		E9E1715E1BD215E300218C42 /* Security.framework in Frameworks */ = {isa = PBXBuildFile; fileRef = E9E1715D1BD215E300218C42 /* Security.framework */; };
		E9F17DC71BAF93B700C2948B /* main.m in Sources */ = {isa = PBXBuildFile; fileRef = E9F17DC61BAF93B700C2948B /* main.m */; };
		E9F17DD21BAF93B700C2948B /* Images.xcassets in Resources */ = {isa = PBXBuildFile; fileRef = E9F17DD11BAF93B700C2948B /* Images.xcassets */; };
		E9F17DD51BAF93B700C2948B /* LaunchScreen.xib in Resources */ = {isa = PBXBuildFile; fileRef = E9F17DD31BAF93B700C2948B /* LaunchScreen.xib */; };
		E9F17DE11BAF93B700C2948B /* GBMoran_iOSTests.m in Sources */ = {isa = PBXBuildFile; fileRef = E9F17DE01BAF93B700C2948B /* GBMoran_iOSTests.m */; };
/* End PBXBuildFile section */

/* Begin PBXContainerItemProxy section */
		E9F17DDB1BAF93B700C2948B /* PBXContainerItemProxy */ = {
			isa = PBXContainerItemProxy;
			containerPortal = E9F17DB91BAF93B700C2948B /* Project object */;
			proxyType = 1;
			remoteGlobalIDString = E9F17DC01BAF93B700C2948B;
			remoteInfo = GBMoran_iOS;
		};
/* End PBXContainerItemProxy section */

/* Begin PBXFileReference section */
		9900D7931BD0A46A00A4C32D /* GBMReNameRequest.h */ = {isa = PBXFileReference; fileEncoding = 4; lastKnownFileType = sourcecode.c.h; name = GBMReNameRequest.h; path = My/GBMReNameRequest.h; sourceTree = "<group>"; };
		9900D7941BD0A46A00A4C32D /* GBMReNameRequest.m */ = {isa = PBXFileReference; fileEncoding = 4; lastKnownFileType = sourcecode.c.objc; name = GBMReNameRequest.m; path = My/GBMReNameRequest.m; sourceTree = "<group>"; };
		9900D7961BD0C80D00A4C32D /* GBMGetImage.h */ = {isa = PBXFileReference; fileEncoding = 4; lastKnownFileType = sourcecode.c.h; path = GBMGetImage.h; sourceTree = "<group>"; };
		9900D7971BD0C80D00A4C32D /* GBMGetImage.m */ = {isa = PBXFileReference; fileEncoding = 4; lastKnownFileType = sourcecode.c.objc; path = GBMGetImage.m; sourceTree = "<group>"; };
		9900D79C1BD0CC0200A4C32D /* GBMReImageRequest.h */ = {isa = PBXFileReference; fileEncoding = 4; lastKnownFileType = sourcecode.c.h; name = GBMReImageRequest.h; path = My/GBMReImageRequest.h; sourceTree = "<group>"; };
		9900D79D1BD0CC0200A4C32D /* GBMReImageRequest.m */ = {isa = PBXFileReference; fileEncoding = 4; lastKnownFileType = sourcecode.c.objc; name = GBMReImageRequest.m; path = My/GBMReImageRequest.m; sourceTree = "<group>"; };
		9935464F1BD789BF00881616 /* MAMapKit.framework */ = {isa = PBXFileReference; lastKnownFileType = wrapper.framework; path = MAMapKit.framework; sourceTree = "<group>"; };
		993546511BD78AD900881616 /* UIKit.framework */ = {isa = PBXFileReference; lastKnownFileType = wrapper.framework; name = UIKit.framework; path = System/Library/Frameworks/UIKit.framework; sourceTree = SDKROOT; };
		993546531BD78AE100881616 /* Foundation.framework */ = {isa = PBXFileReference; lastKnownFileType = wrapper.framework; name = Foundation.framework; path = System/Library/Frameworks/Foundation.framework; sourceTree = SDKROOT; };
		993546561BD78B4600881616 /* libstdc++.tbd */ = {isa = PBXFileReference; lastKnownFileType = "sourcecode.text-based-dylib-definition"; name = "libstdc++.tbd"; path = "usr/lib/libstdc++.tbd"; sourceTree = SDKROOT; };
		993546581BD78B4C00881616 /* libstdc++.6.tbd */ = {isa = PBXFileReference; lastKnownFileType = "sourcecode.text-based-dylib-definition"; name = "libstdc++.6.tbd"; path = "usr/lib/libstdc++.6.tbd"; sourceTree = SDKROOT; };
		9935465A1BD78B5F00881616 /* libz.1.2.5.tbd */ = {isa = PBXFileReference; lastKnownFileType = "sourcecode.text-based-dylib-definition"; name = libz.1.2.5.tbd; path = usr/lib/libz.1.2.5.tbd; sourceTree = SDKROOT; };
		994BB5131BB68DF800420EB8 /* GBMPublishCell.h */ = {isa = PBXFileReference; fileEncoding = 4; lastKnownFileType = sourcecode.c.h; path = GBMPublishCell.h; sourceTree = "<group>"; };
		994BB5141BB68DF800420EB8 /* GBMPublishCell.m */ = {isa = PBXFileReference; fileEncoding = 4; lastKnownFileType = sourcecode.c.objc; path = GBMPublishCell.m; sourceTree = "<group>"; };
		994BB5151BB68DF800420EB8 /* GBMPublishCell.xib */ = {isa = PBXFileReference; fileEncoding = 4; lastKnownFileType = file.xib; path = GBMPublishCell.xib; sourceTree = "<group>"; };
		994BB5171BB68DF800420EB8 /* GBMLoginAndRegister.storyboard */ = {isa = PBXFileReference; fileEncoding = 4; lastKnownFileType = file.storyboard; path = GBMLoginAndRegister.storyboard; sourceTree = "<group>"; };
		994BB5181BB68DF800420EB8 /* GBMMy.storyboard */ = {isa = PBXFileReference; fileEncoding = 4; lastKnownFileType = file.storyboard; path = GBMMy.storyboard; sourceTree = "<group>"; };
		994BB5191BB68DF800420EB8 /* GBMPublish.storyboard */ = {isa = PBXFileReference; fileEncoding = 4; lastKnownFileType = file.storyboard; path = GBMPublish.storyboard; sourceTree = "<group>"; };
		994BB51A1BB68DF800420EB8 /* GBMSquare3.storyboard */ = {isa = PBXFileReference; fileEncoding = 4; lastKnownFileType = file.storyboard; path = GBMSquare3.storyboard; sourceTree = "<group>"; };
		994BB51B1BB68DF800420EB8 /* GBMViewDetail.storyboard */ = {isa = PBXFileReference; fileEncoding = 4; lastKnownFileType = file.storyboard; path = GBMViewDetail.storyboard; sourceTree = "<group>"; };
		994BB5241BB68E0D00420EB8 /* GBMPublishViewController.h */ = {isa = PBXFileReference; fileEncoding = 4; lastKnownFileType = sourcecode.c.h; path = GBMPublishViewController.h; sourceTree = "<group>"; };
		994BB5251BB68E0D00420EB8 /* GBMPublishViewController.m */ = {isa = PBXFileReference; fileEncoding = 4; lastKnownFileType = sourcecode.c.objc; path = GBMPublishViewController.m; sourceTree = "<group>"; };
		994BB5261BB68E0D00420EB8 /* Untitled.jpg */ = {isa = PBXFileReference; lastKnownFileType = image.jpeg; path = Untitled.jpg; sourceTree = "<group>"; };
		995A797B1BD72EF000D4A823 /* GBMPublishModel.h */ = {isa = PBXFileReference; fileEncoding = 4; lastKnownFileType = sourcecode.c.h; path = GBMPublishModel.h; sourceTree = "<group>"; };
		995A797C1BD72EF000D4A823 /* GBMPublishModel.m */ = {isa = PBXFileReference; fileEncoding = 4; lastKnownFileType = sourcecode.c.objc; path = GBMPublishModel.m; sourceTree = "<group>"; };
		995A797E1BD72EF000D4A823 /* GBMViewDetailModel.h */ = {isa = PBXFileReference; fileEncoding = 4; lastKnownFileType = sourcecode.c.h; path = GBMViewDetailModel.h; sourceTree = "<group>"; };
		995A797F1BD72EF000D4A823 /* GBMViewDetailModel.m */ = {isa = PBXFileReference; fileEncoding = 4; lastKnownFileType = sourcecode.c.objc; path = GBMViewDetailModel.m; sourceTree = "<group>"; };
		995A79821BD72F5400D4A823 /* GBMLocationModel.h */ = {isa = PBXFileReference; fileEncoding = 4; lastKnownFileType = sourcecode.c.h; path = GBMLocationModel.h; sourceTree = "<group>"; };
		995A79831BD72F5400D4A823 /* GBMLocationModel.m */ = {isa = PBXFileReference; fileEncoding = 4; lastKnownFileType = sourcecode.c.objc; path = GBMLocationModel.m; sourceTree = "<group>"; };
		995A79851BD72F5E00D4A823 /* GBMLocationParser.h */ = {isa = PBXFileReference; fileEncoding = 4; lastKnownFileType = sourcecode.c.h; path = GBMLocationParser.h; sourceTree = "<group>"; };
		995A79861BD72F5E00D4A823 /* GBMLocationParser.m */ = {isa = PBXFileReference; fileEncoding = 4; lastKnownFileType = sourcecode.c.objc; path = GBMLocationParser.m; sourceTree = "<group>"; };
		995A79C91BD7685E00D4A823 /* GBMGlobal.h */ = {isa = PBXFileReference; fileEncoding = 4; lastKnownFileType = sourcecode.c.h; path = GBMGlobal.h; sourceTree = "<group>"; };
		995A79CA1BD7685E00D4A823 /* GBMGlobal.m */ = {isa = PBXFileReference; fileEncoding = 4; lastKnownFileType = sourcecode.c.objc; path = GBMGlobal.m; sourceTree = "<group>"; };
		995A79CC1BD7685E00D4A823 /* KxMenu.h */ = {isa = PBXFileReference; fileEncoding = 4; lastKnownFileType = sourcecode.c.h; path = KxMenu.h; sourceTree = "<group>"; };
		995A79CD1BD7685E00D4A823 /* KxMenu.m */ = {isa = PBXFileReference; fileEncoding = 4; lastKnownFileType = sourcecode.c.objc; path = KxMenu.m; sourceTree = "<group>"; };
		995A79CF1BD7685E00D4A823 /* MJRefresh.bundle */ = {isa = PBXFileReference; lastKnownFileType = "wrapper.plug-in"; path = MJRefresh.bundle; sourceTree = "<group>"; };
		995A79D01BD7685E00D4A823 /* MJRefresh.h */ = {isa = PBXFileReference; fileEncoding = 4; lastKnownFileType = sourcecode.c.h; path = MJRefresh.h; sourceTree = "<group>"; };
		995A79D11BD7685E00D4A823 /* MJRefreshAutoFooter.h */ = {isa = PBXFileReference; fileEncoding = 4; lastKnownFileType = sourcecode.c.h; path = MJRefreshAutoFooter.h; sourceTree = "<group>"; };
		995A79D21BD7685E00D4A823 /* MJRefreshAutoFooter.m */ = {isa = PBXFileReference; fileEncoding = 4; lastKnownFileType = sourcecode.c.objc; path = MJRefreshAutoFooter.m; sourceTree = "<group>"; };
		995A79D31BD7685E00D4A823 /* MJRefreshAutoGifFooter.h */ = {isa = PBXFileReference; fileEncoding = 4; lastKnownFileType = sourcecode.c.h; path = MJRefreshAutoGifFooter.h; sourceTree = "<group>"; };
		995A79D41BD7685E00D4A823 /* MJRefreshAutoGifFooter.m */ = {isa = PBXFileReference; fileEncoding = 4; lastKnownFileType = sourcecode.c.objc; path = MJRefreshAutoGifFooter.m; sourceTree = "<group>"; };
		995A79D51BD7685E00D4A823 /* MJRefreshAutoNormalFooter.h */ = {isa = PBXFileReference; fileEncoding = 4; lastKnownFileType = sourcecode.c.h; path = MJRefreshAutoNormalFooter.h; sourceTree = "<group>"; };
		995A79D61BD7685E00D4A823 /* MJRefreshAutoNormalFooter.m */ = {isa = PBXFileReference; fileEncoding = 4; lastKnownFileType = sourcecode.c.objc; path = MJRefreshAutoNormalFooter.m; sourceTree = "<group>"; };
		995A79D71BD7685E00D4A823 /* MJRefreshAutoStateFooter.h */ = {isa = PBXFileReference; fileEncoding = 4; lastKnownFileType = sourcecode.c.h; path = MJRefreshAutoStateFooter.h; sourceTree = "<group>"; };
		995A79D81BD7685E00D4A823 /* MJRefreshAutoStateFooter.m */ = {isa = PBXFileReference; fileEncoding = 4; lastKnownFileType = sourcecode.c.objc; path = MJRefreshAutoStateFooter.m; sourceTree = "<group>"; };
		995A79D91BD7685E00D4A823 /* MJRefreshBackFooter.h */ = {isa = PBXFileReference; fileEncoding = 4; lastKnownFileType = sourcecode.c.h; path = MJRefreshBackFooter.h; sourceTree = "<group>"; };
		995A79DA1BD7685E00D4A823 /* MJRefreshBackFooter.m */ = {isa = PBXFileReference; fileEncoding = 4; lastKnownFileType = sourcecode.c.objc; path = MJRefreshBackFooter.m; sourceTree = "<group>"; };
		995A79DB1BD7685E00D4A823 /* MJRefreshBackGifFooter.h */ = {isa = PBXFileReference; fileEncoding = 4; lastKnownFileType = sourcecode.c.h; path = MJRefreshBackGifFooter.h; sourceTree = "<group>"; };
		995A79DC1BD7685E00D4A823 /* MJRefreshBackGifFooter.m */ = {isa = PBXFileReference; fileEncoding = 4; lastKnownFileType = sourcecode.c.objc; path = MJRefreshBackGifFooter.m; sourceTree = "<group>"; };
		995A79DD1BD7685E00D4A823 /* MJRefreshBackNormalFooter.h */ = {isa = PBXFileReference; fileEncoding = 4; lastKnownFileType = sourcecode.c.h; path = MJRefreshBackNormalFooter.h; sourceTree = "<group>"; };
		995A79DE1BD7685E00D4A823 /* MJRefreshBackNormalFooter.m */ = {isa = PBXFileReference; fileEncoding = 4; lastKnownFileType = sourcecode.c.objc; path = MJRefreshBackNormalFooter.m; sourceTree = "<group>"; };
		995A79DF1BD7685E00D4A823 /* MJRefreshBackStateFooter.h */ = {isa = PBXFileReference; fileEncoding = 4; lastKnownFileType = sourcecode.c.h; path = MJRefreshBackStateFooter.h; sourceTree = "<group>"; };
		995A79E01BD7685E00D4A823 /* MJRefreshBackStateFooter.m */ = {isa = PBXFileReference; fileEncoding = 4; lastKnownFileType = sourcecode.c.objc; path = MJRefreshBackStateFooter.m; sourceTree = "<group>"; };
		995A79E11BD7685E00D4A823 /* MJRefreshComponent.h */ = {isa = PBXFileReference; fileEncoding = 4; lastKnownFileType = sourcecode.c.h; path = MJRefreshComponent.h; sourceTree = "<group>"; };
		995A79E21BD7685E00D4A823 /* MJRefreshComponent.m */ = {isa = PBXFileReference; fileEncoding = 4; lastKnownFileType = sourcecode.c.objc; path = MJRefreshComponent.m; sourceTree = "<group>"; };
		995A79E31BD7685E00D4A823 /* MJRefreshConst.h */ = {isa = PBXFileReference; fileEncoding = 4; lastKnownFileType = sourcecode.c.h; path = MJRefreshConst.h; sourceTree = "<group>"; };
		995A79E41BD7685E00D4A823 /* MJRefreshConst.m */ = {isa = PBXFileReference; fileEncoding = 4; lastKnownFileType = sourcecode.c.objc; path = MJRefreshConst.m; sourceTree = "<group>"; };
		995A79E51BD7685E00D4A823 /* MJRefreshFooter.h */ = {isa = PBXFileReference; fileEncoding = 4; lastKnownFileType = sourcecode.c.h; path = MJRefreshFooter.h; sourceTree = "<group>"; };
		995A79E61BD7685E00D4A823 /* MJRefreshFooter.m */ = {isa = PBXFileReference; fileEncoding = 4; lastKnownFileType = sourcecode.c.objc; path = MJRefreshFooter.m; sourceTree = "<group>"; };
		995A79E71BD7685E00D4A823 /* MJRefreshGifHeader.h */ = {isa = PBXFileReference; fileEncoding = 4; lastKnownFileType = sourcecode.c.h; path = MJRefreshGifHeader.h; sourceTree = "<group>"; };
		995A79E81BD7685E00D4A823 /* MJRefreshGifHeader.m */ = {isa = PBXFileReference; fileEncoding = 4; lastKnownFileType = sourcecode.c.objc; path = MJRefreshGifHeader.m; sourceTree = "<group>"; };
		995A79E91BD7685E00D4A823 /* MJRefreshHeader.h */ = {isa = PBXFileReference; fileEncoding = 4; lastKnownFileType = sourcecode.c.h; path = MJRefreshHeader.h; sourceTree = "<group>"; };
		995A79EA1BD7685E00D4A823 /* MJRefreshHeader.m */ = {isa = PBXFileReference; fileEncoding = 4; lastKnownFileType = sourcecode.c.objc; path = MJRefreshHeader.m; sourceTree = "<group>"; };
		995A79EB1BD7685E00D4A823 /* MJRefreshNormalHeader.h */ = {isa = PBXFileReference; fileEncoding = 4; lastKnownFileType = sourcecode.c.h; path = MJRefreshNormalHeader.h; sourceTree = "<group>"; };
		995A79EC1BD7685E00D4A823 /* MJRefreshNormalHeader.m */ = {isa = PBXFileReference; fileEncoding = 4; lastKnownFileType = sourcecode.c.objc; path = MJRefreshNormalHeader.m; sourceTree = "<group>"; };
		995A79ED1BD7685E00D4A823 /* MJRefreshStateHeader.h */ = {isa = PBXFileReference; fileEncoding = 4; lastKnownFileType = sourcecode.c.h; path = MJRefreshStateHeader.h; sourceTree = "<group>"; };
		995A79EE1BD7685E00D4A823 /* MJRefreshStateHeader.m */ = {isa = PBXFileReference; fileEncoding = 4; lastKnownFileType = sourcecode.c.objc; path = MJRefreshStateHeader.m; sourceTree = "<group>"; };
		995A79EF1BD7685E00D4A823 /* UIScrollView+MJExtension.h */ = {isa = PBXFileReference; fileEncoding = 4; lastKnownFileType = sourcecode.c.h; path = "UIScrollView+MJExtension.h"; sourceTree = "<group>"; };
		995A79F01BD7685E00D4A823 /* UIScrollView+MJExtension.m */ = {isa = PBXFileReference; fileEncoding = 4; lastKnownFileType = sourcecode.c.objc; path = "UIScrollView+MJExtension.m"; sourceTree = "<group>"; };
		995A79F11BD7685E00D4A823 /* UIScrollView+MJRefresh.h */ = {isa = PBXFileReference; fileEncoding = 4; lastKnownFileType = sourcecode.c.h; path = "UIScrollView+MJRefresh.h"; sourceTree = "<group>"; };
		995A79F21BD7685E00D4A823 /* UIScrollView+MJRefresh.m */ = {isa = PBXFileReference; fileEncoding = 4; lastKnownFileType = sourcecode.c.objc; path = "UIScrollView+MJRefresh.m"; sourceTree = "<group>"; };
		995A79F31BD7685E00D4A823 /* UIView+MJExtension.h */ = {isa = PBXFileReference; fileEncoding = 4; lastKnownFileType = sourcecode.c.h; path = "UIView+MJExtension.h"; sourceTree = "<group>"; };
		995A79F41BD7685E00D4A823 /* UIView+MJExtension.m */ = {isa = PBXFileReference; fileEncoding = 4; lastKnownFileType = sourcecode.c.objc; path = "UIView+MJExtension.m"; sourceTree = "<group>"; };
		995A79F61BD7685E00D4A823 /* MKAnnotationView+WebCache.h */ = {isa = PBXFileReference; fileEncoding = 4; lastKnownFileType = sourcecode.c.h; path = "MKAnnotationView+WebCache.h"; sourceTree = "<group>"; };
		995A79F71BD7685E00D4A823 /* MKAnnotationView+WebCache.m */ = {isa = PBXFileReference; fileEncoding = 4; lastKnownFileType = sourcecode.c.objc; path = "MKAnnotationView+WebCache.m"; sourceTree = "<group>"; };
		995A79F81BD7685E00D4A823 /* NSData+ImageContentType.h */ = {isa = PBXFileReference; fileEncoding = 4; lastKnownFileType = sourcecode.c.h; path = "NSData+ImageContentType.h"; sourceTree = "<group>"; };
		995A79F91BD7685E00D4A823 /* NSData+ImageContentType.m */ = {isa = PBXFileReference; fileEncoding = 4; lastKnownFileType = sourcecode.c.objc; path = "NSData+ImageContentType.m"; sourceTree = "<group>"; };
		995A79FA1BD7685E00D4A823 /* SDImageCache.h */ = {isa = PBXFileReference; fileEncoding = 4; lastKnownFileType = sourcecode.c.h; path = SDImageCache.h; sourceTree = "<group>"; };
		995A79FB1BD7685E00D4A823 /* SDImageCache.m */ = {isa = PBXFileReference; fileEncoding = 4; lastKnownFileType = sourcecode.c.objc; path = SDImageCache.m; sourceTree = "<group>"; };
		995A79FC1BD7685E00D4A823 /* SDWebImageCompat.h */ = {isa = PBXFileReference; fileEncoding = 4; lastKnownFileType = sourcecode.c.h; path = SDWebImageCompat.h; sourceTree = "<group>"; };
		995A79FD1BD7685E00D4A823 /* SDWebImageCompat.m */ = {isa = PBXFileReference; fileEncoding = 4; lastKnownFileType = sourcecode.c.objc; path = SDWebImageCompat.m; sourceTree = "<group>"; };
		995A79FE1BD7685E00D4A823 /* SDWebImageDecoder.h */ = {isa = PBXFileReference; fileEncoding = 4; lastKnownFileType = sourcecode.c.h; path = SDWebImageDecoder.h; sourceTree = "<group>"; };
		995A79FF1BD7685E00D4A823 /* SDWebImageDecoder.m */ = {isa = PBXFileReference; fileEncoding = 4; lastKnownFileType = sourcecode.c.objc; path = SDWebImageDecoder.m; sourceTree = "<group>"; };
		995A7A001BD7685E00D4A823 /* SDWebImageDownloader.h */ = {isa = PBXFileReference; fileEncoding = 4; lastKnownFileType = sourcecode.c.h; path = SDWebImageDownloader.h; sourceTree = "<group>"; };
		995A7A011BD7685E00D4A823 /* SDWebImageDownloader.m */ = {isa = PBXFileReference; fileEncoding = 4; lastKnownFileType = sourcecode.c.objc; path = SDWebImageDownloader.m; sourceTree = "<group>"; };
		995A7A021BD7685E00D4A823 /* SDWebImageDownloaderOperation.h */ = {isa = PBXFileReference; fileEncoding = 4; lastKnownFileType = sourcecode.c.h; path = SDWebImageDownloaderOperation.h; sourceTree = "<group>"; };
		995A7A031BD7685E00D4A823 /* SDWebImageDownloaderOperation.m */ = {isa = PBXFileReference; fileEncoding = 4; lastKnownFileType = sourcecode.c.objc; path = SDWebImageDownloaderOperation.m; sourceTree = "<group>"; };
		995A7A041BD7685E00D4A823 /* SDWebImageManager.h */ = {isa = PBXFileReference; fileEncoding = 4; lastKnownFileType = sourcecode.c.h; path = SDWebImageManager.h; sourceTree = "<group>"; };
		995A7A051BD7685E00D4A823 /* SDWebImageManager.m */ = {isa = PBXFileReference; fileEncoding = 4; lastKnownFileType = sourcecode.c.objc; path = SDWebImageManager.m; sourceTree = "<group>"; };
		995A7A061BD7685E00D4A823 /* SDWebImageOperation.h */ = {isa = PBXFileReference; fileEncoding = 4; lastKnownFileType = sourcecode.c.h; path = SDWebImageOperation.h; sourceTree = "<group>"; };
		995A7A071BD7685E00D4A823 /* SDWebImagePrefetcher.h */ = {isa = PBXFileReference; fileEncoding = 4; lastKnownFileType = sourcecode.c.h; path = SDWebImagePrefetcher.h; sourceTree = "<group>"; };
		995A7A081BD7685E00D4A823 /* SDWebImagePrefetcher.m */ = {isa = PBXFileReference; fileEncoding = 4; lastKnownFileType = sourcecode.c.objc; path = SDWebImagePrefetcher.m; sourceTree = "<group>"; };
		995A7A091BD7685E00D4A823 /* UIButton+WebCache.h */ = {isa = PBXFileReference; fileEncoding = 4; lastKnownFileType = sourcecode.c.h; path = "UIButton+WebCache.h"; sourceTree = "<group>"; };
		995A7A0A1BD7685E00D4A823 /* UIButton+WebCache.m */ = {isa = PBXFileReference; fileEncoding = 4; lastKnownFileType = sourcecode.c.objc; path = "UIButton+WebCache.m"; sourceTree = "<group>"; };
		995A7A0B1BD7685E00D4A823 /* UIImage+GIF.h */ = {isa = PBXFileReference; fileEncoding = 4; lastKnownFileType = sourcecode.c.h; path = "UIImage+GIF.h"; sourceTree = "<group>"; };
		995A7A0C1BD7685E00D4A823 /* UIImage+GIF.m */ = {isa = PBXFileReference; fileEncoding = 4; lastKnownFileType = sourcecode.c.objc; path = "UIImage+GIF.m"; sourceTree = "<group>"; };
		995A7A0D1BD7685E00D4A823 /* UIImage+MultiFormat.h */ = {isa = PBXFileReference; fileEncoding = 4; lastKnownFileType = sourcecode.c.h; path = "UIImage+MultiFormat.h"; sourceTree = "<group>"; };
		995A7A0E1BD7685E00D4A823 /* UIImage+MultiFormat.m */ = {isa = PBXFileReference; fileEncoding = 4; lastKnownFileType = sourcecode.c.objc; path = "UIImage+MultiFormat.m"; sourceTree = "<group>"; };
		995A7A0F1BD7685E00D4A823 /* UIImage+WebP.h */ = {isa = PBXFileReference; fileEncoding = 4; lastKnownFileType = sourcecode.c.h; path = "UIImage+WebP.h"; sourceTree = "<group>"; };
		995A7A101BD7685E00D4A823 /* UIImage+WebP.m */ = {isa = PBXFileReference; fileEncoding = 4; lastKnownFileType = sourcecode.c.objc; path = "UIImage+WebP.m"; sourceTree = "<group>"; };
		995A7A111BD7685E00D4A823 /* UIImageView+HighlightedWebCache.h */ = {isa = PBXFileReference; fileEncoding = 4; lastKnownFileType = sourcecode.c.h; path = "UIImageView+HighlightedWebCache.h"; sourceTree = "<group>"; };
		995A7A121BD7685E00D4A823 /* UIImageView+HighlightedWebCache.m */ = {isa = PBXFileReference; fileEncoding = 4; lastKnownFileType = sourcecode.c.objc; path = "UIImageView+HighlightedWebCache.m"; sourceTree = "<group>"; };
		995A7A131BD7685E00D4A823 /* UIImageView+WebCache.h */ = {isa = PBXFileReference; fileEncoding = 4; lastKnownFileType = sourcecode.c.h; path = "UIImageView+WebCache.h"; sourceTree = "<group>"; };
		995A7A141BD7685E00D4A823 /* UIImageView+WebCache.m */ = {isa = PBXFileReference; fileEncoding = 4; lastKnownFileType = sourcecode.c.objc; path = "UIImageView+WebCache.m"; sourceTree = "<group>"; };
		995A7A151BD7685E00D4A823 /* UIView+WebCacheOperation.h */ = {isa = PBXFileReference; fileEncoding = 4; lastKnownFileType = sourcecode.c.h; path = "UIView+WebCacheOperation.h"; sourceTree = "<group>"; };
		995A7A161BD7685E00D4A823 /* UIView+WebCacheOperation.m */ = {isa = PBXFileReference; fileEncoding = 4; lastKnownFileType = sourcecode.c.objc; path = "UIView+WebCacheOperation.m"; sourceTree = "<group>"; };
		995A7A181BD7685E00D4A823 /* SVProgressHUD.bundle */ = {isa = PBXFileReference; lastKnownFileType = "wrapper.plug-in"; path = SVProgressHUD.bundle; sourceTree = "<group>"; };
		995A7A191BD7685E00D4A823 /* SVProgressHUD.h */ = {isa = PBXFileReference; fileEncoding = 4; lastKnownFileType = sourcecode.c.h; path = SVProgressHUD.h; sourceTree = "<group>"; };
		995A7A1A1BD7685E00D4A823 /* SVProgressHUD.m */ = {isa = PBXFileReference; fileEncoding = 4; lastKnownFileType = sourcecode.c.objc; path = SVProgressHUD.m; sourceTree = "<group>"; };
		995A7A431BD7687000D4A823 /* AppDelegate.h */ = {isa = PBXFileReference; fileEncoding = 4; lastKnownFileType = sourcecode.c.h; path = AppDelegate.h; sourceTree = "<group>"; };
		995A7A441BD7687000D4A823 /* AppDelegate.m */ = {isa = PBXFileReference; fileEncoding = 4; lastKnownFileType = sourcecode.c.objc; path = AppDelegate.m; sourceTree = "<group>"; };
		995A7A461BD7688F00D4A823 /* UIColor+AddColor.h */ = {isa = PBXFileReference; fileEncoding = 4; lastKnownFileType = sourcecode.c.h; path = "UIColor+AddColor.h"; sourceTree = "<group>"; };
		995A7A471BD7688F00D4A823 /* UIColor+AddColor.m */ = {isa = PBXFileReference; fileEncoding = 4; lastKnownFileType = sourcecode.c.objc; path = "UIColor+AddColor.m"; sourceTree = "<group>"; };
		995CEFFE1BD47FE30052B5F7 /* libz.tbd */ = {isa = PBXFileReference; lastKnownFileType = "sourcecode.text-based-dylib-definition"; name = libz.tbd; path = usr/lib/libz.tbd; sourceTree = SDKROOT; };
		995CF0001BD47FED0052B5F7 /* libc++.tbd */ = {isa = PBXFileReference; lastKnownFileType = "sourcecode.text-based-dylib-definition"; name = "libc++.tbd"; path = "usr/lib/libc++.tbd"; sourceTree = SDKROOT; };
		995CF0021BD47FF40052B5F7 /* libstdc++.6.0.9.tbd */ = {isa = PBXFileReference; lastKnownFileType = "sourcecode.text-based-dylib-definition"; name = "libstdc++.6.0.9.tbd"; path = "usr/lib/libstdc++.6.0.9.tbd"; sourceTree = SDKROOT; };
		995CF0061BD480DF0052B5F7 /* AMapSearchKit.framework */ = {isa = PBXFileReference; lastKnownFileType = wrapper.framework; path = AMapSearchKit.framework; sourceTree = "<group>"; };
		995CF00B1BD4865D0052B5F7 /* GBMViewDetailRequest.h */ = {isa = PBXFileReference; fileEncoding = 4; lastKnownFileType = sourcecode.c.h; name = GBMViewDetailRequest.h; path = ViewDetail/GBMViewDetailRequest.h; sourceTree = "<group>"; };
		995CF00C1BD4865D0052B5F7 /* GBMViewDetailRequest.m */ = {isa = PBXFileReference; fileEncoding = 4; lastKnownFileType = sourcecode.c.objc; name = GBMViewDetailRequest.m; path = ViewDetail/GBMViewDetailRequest.m; sourceTree = "<group>"; };
		999CB1B21BBE303700F01E42 /* GBMViewDetailViewController.h */ = {isa = PBXFileReference; fileEncoding = 4; lastKnownFileType = sourcecode.c.h; name = GBMViewDetailViewController.h; path = ViewDetail/GBMViewDetailViewController.h; sourceTree = "<group>"; };
		999CB1B31BBE303700F01E42 /* GBMViewDetailViewController.m */ = {isa = PBXFileReference; fileEncoding = 4; lastKnownFileType = sourcecode.c.objc; name = GBMViewDetailViewController.m; path = ViewDetail/GBMViewDetailViewController.m; sourceTree = "<group>"; };
		C92D43881BB7890A00FA1916 /* GBMNickNameViewController.h */ = {isa = PBXFileReference; fileEncoding = 4; lastKnownFileType = sourcecode.c.h; path = GBMNickNameViewController.h; sourceTree = "<group>"; };
		C92D43891BB7890A00FA1916 /* GBMNickNameViewController.m */ = {isa = PBXFileReference; fileEncoding = 4; lastKnownFileType = sourcecode.c.objc; path = GBMNickNameViewController.m; sourceTree = "<group>"; };
		C92D438B1BB7891900FA1916 /* GBMHeadImageViewController.h */ = {isa = PBXFileReference; fileEncoding = 4; lastKnownFileType = sourcecode.c.h; path = GBMHeadImageViewController.h; sourceTree = "<group>"; };
		C92D438C1BB7891900FA1916 /* GBMHeadImageViewController.m */ = {isa = PBXFileReference; fileEncoding = 4; lastKnownFileType = sourcecode.c.objc; path = GBMHeadImageViewController.m; sourceTree = "<group>"; };
		C93EB5C11BAFD7EE007DCAB4 /* GBMLoginRequest.h */ = {isa = PBXFileReference; fileEncoding = 4; lastKnownFileType = sourcecode.c.h; path = GBMLoginRequest.h; sourceTree = "<group>"; };
		C93EB5C21BAFD7EE007DCAB4 /* GBMLoginRequest.m */ = {isa = PBXFileReference; fileEncoding = 4; lastKnownFileType = sourcecode.c.objc; path = GBMLoginRequest.m; sourceTree = "<group>"; };
		C93EB5C41BAFD87B007DCAB4 /* GBMRegisterRequest.h */ = {isa = PBXFileReference; fileEncoding = 4; lastKnownFileType = sourcecode.c.h; path = GBMRegisterRequest.h; sourceTree = "<group>"; };
		C93EB5C51BAFD87B007DCAB4 /* GBMRegisterRequest.m */ = {isa = PBXFileReference; fileEncoding = 4; lastKnownFileType = sourcecode.c.objc; path = GBMRegisterRequest.m; sourceTree = "<group>"; };
		C93EB5C81BAFDC60007DCAB4 /* BLMultipartForm.h */ = {isa = PBXFileReference; fileEncoding = 4; lastKnownFileType = sourcecode.c.h; path = BLMultipartForm.h; sourceTree = "<group>"; };
		C93EB5C91BAFDC60007DCAB4 /* BLMultipartForm.m */ = {isa = PBXFileReference; fileEncoding = 4; lastKnownFileType = sourcecode.c.objc; path = BLMultipartForm.m; sourceTree = "<group>"; };
		C93EB5CC1BAFE464007DCAB4 /* GBMLoginRequestParser.h */ = {isa = PBXFileReference; fileEncoding = 4; lastKnownFileType = sourcecode.c.h; path = GBMLoginRequestParser.h; sourceTree = "<group>"; };
		C93EB5CD1BAFE464007DCAB4 /* GBMLoginRequestParser.m */ = {isa = PBXFileReference; fileEncoding = 4; lastKnownFileType = sourcecode.c.objc; path = GBMLoginRequestParser.m; sourceTree = "<group>"; };
		C93EB5CF1BAFE9A9007DCAB4 /* GBMRegisterRequestParser.h */ = {isa = PBXFileReference; fileEncoding = 4; lastKnownFileType = sourcecode.c.h; path = GBMRegisterRequestParser.h; sourceTree = "<group>"; };
		C93EB5D01BAFE9A9007DCAB4 /* GBMRegisterRequestParser.m */ = {isa = PBXFileReference; fileEncoding = 4; lastKnownFileType = sourcecode.c.objc; path = GBMRegisterRequestParser.m; sourceTree = "<group>"; };
		C9D668AA1BBA3C4100208F9D /* GBMHomePageViewController.m */ = {isa = PBXFileReference; fileEncoding = 4; lastKnownFileType = sourcecode.c.objc; path = GBMHomePageViewController.m; sourceTree = "<group>"; };
		C9D668AB1BBA3C4100208F9D /* GBMHomePageViewController.h */ = {isa = PBXFileReference; fileEncoding = 4; lastKnownFileType = sourcecode.c.h; path = GBMHomePageViewController.h; sourceTree = "<group>"; };
		DF22FEB61BD0B646008A893A /* GBMLocationRequest.h */ = {isa = PBXFileReference; fileEncoding = 4; lastKnownFileType = sourcecode.c.h; path = GBMLocationRequest.h; sourceTree = "<group>"; };
		DF22FEB71BD0B646008A893A /* GBMLocationRequest.m */ = {isa = PBXFileReference; fileEncoding = 4; lastKnownFileType = sourcecode.c.objc; path = GBMLocationRequest.m; sourceTree = "<group>"; };
		DF755C291BD609F1005B0495 /* GBMCommentListCell.h */ = {isa = PBXFileReference; fileEncoding = 4; lastKnownFileType = sourcecode.c.h; path = GBMCommentListCell.h; sourceTree = "<group>"; };
		DF755C2A1BD609F1005B0495 /* GBMCommentListCell.m */ = {isa = PBXFileReference; fileEncoding = 4; lastKnownFileType = sourcecode.c.objc; path = GBMCommentListCell.m; sourceTree = "<group>"; };
		DF755C2C1BD6129B005B0495 /* GBMViewDetailParser.h */ = {isa = PBXFileReference; fileEncoding = 4; lastKnownFileType = sourcecode.c.h; path = GBMViewDetailParser.h; sourceTree = "<group>"; };
		DF755C2D1BD6129B005B0495 /* GBMViewDetailParser.m */ = {isa = PBXFileReference; fileEncoding = 4; lastKnownFileType = sourcecode.c.objc; path = GBMViewDetailParser.m; sourceTree = "<group>"; };
<<<<<<< HEAD
		DF755C2F1BD612DD005B0495 /* UIColor+AddColor.h */ = {isa = PBXFileReference; fileEncoding = 4; lastKnownFileType = sourcecode.c.h; path = "UIColor+AddColor.h"; sourceTree = "<group>"; };
		DF755C301BD612DD005B0495 /* UIColor+AddColor.m */ = {isa = PBXFileReference; fileEncoding = 4; lastKnownFileType = sourcecode.c.objc; path = "UIColor+AddColor.m"; sourceTree = "<group>"; };
		DF755C321BD614A0005B0495 /* GBMViewDetailModel.h */ = {isa = PBXFileReference; fileEncoding = 4; lastKnownFileType = sourcecode.c.h; path = GBMViewDetailModel.h; sourceTree = "<group>"; };
		DF755C331BD614A0005B0495 /* GBMViewDetailModel.m */ = {isa = PBXFileReference; fileEncoding = 4; lastKnownFileType = sourcecode.c.objc; path = GBMViewDetailModel.m; sourceTree = "<group>"; };
		DFAC95081BD78F9C00119885 /* GBMSquare.storyboard */ = {isa = PBXFileReference; fileEncoding = 4; lastKnownFileType = file.storyboard; path = GBMSquare.storyboard; sourceTree = "<group>"; };
=======
>>>>>>> origin/master
		DFD76C6E1BB28F8F00AAF041 /* GBMPublishRequest.h */ = {isa = PBXFileReference; fileEncoding = 4; lastKnownFileType = sourcecode.c.h; path = GBMPublishRequest.h; sourceTree = "<group>"; };
		DFD76C6F1BB28F8F00AAF041 /* GBMPublishRequest.m */ = {isa = PBXFileReference; fileEncoding = 4; lastKnownFileType = sourcecode.c.objc; path = GBMPublishRequest.m; sourceTree = "<group>"; };
		DFEB0BF31BB774040023543B /* GBMPublishRequestParser.h */ = {isa = PBXFileReference; fileEncoding = 4; lastKnownFileType = sourcecode.c.h; path = GBMPublishRequestParser.h; sourceTree = "<group>"; };
		DFEB0BF41BB774040023543B /* GBMPublishRequestParser.m */ = {isa = PBXFileReference; fileEncoding = 4; lastKnownFileType = sourcecode.c.objc; path = GBMPublishRequestParser.m; sourceTree = "<group>"; };
		DFFB3C251BB1756000396F7A /* Main.xcassets */ = {isa = PBXFileReference; lastKnownFileType = folder.assetcatalog; path = Main.xcassets; sourceTree = "<group>"; };
		E91353A31BC5398B002DE9B3 /* GBMSquareCell.h */ = {isa = PBXFileReference; fileEncoding = 4; lastKnownFileType = sourcecode.c.h; path = GBMSquareCell.h; sourceTree = "<group>"; };
		E91353A41BC5398B002DE9B3 /* GBMSquareCell.m */ = {isa = PBXFileReference; fileEncoding = 4; lastKnownFileType = sourcecode.c.objc; path = GBMSquareCell.m; sourceTree = "<group>"; };
		E91353A51BC5398B002DE9B3 /* GBMSquareCollectionCell.h */ = {isa = PBXFileReference; fileEncoding = 4; lastKnownFileType = sourcecode.c.h; path = GBMSquareCollectionCell.h; sourceTree = "<group>"; };
		E91353A61BC5398B002DE9B3 /* GBMSquareCollectionCell.m */ = {isa = PBXFileReference; fileEncoding = 4; lastKnownFileType = sourcecode.c.objc; path = GBMSquareCollectionCell.m; sourceTree = "<group>"; };
		E96FBF481BC744B20073B788 /* GBMSquareRequest.h */ = {isa = PBXFileReference; fileEncoding = 4; lastKnownFileType = sourcecode.c.h; path = GBMSquareRequest.h; sourceTree = "<group>"; };
		E96FBF491BC744B20073B788 /* GBMSquareRequest.m */ = {isa = PBXFileReference; fileEncoding = 4; lastKnownFileType = sourcecode.c.objc; path = GBMSquareRequest.m; sourceTree = "<group>"; };
		E96FBF4B1BC749010073B788 /* GBMSquareRequestParser.h */ = {isa = PBXFileReference; fileEncoding = 4; lastKnownFileType = sourcecode.c.h; path = GBMSquareRequestParser.h; sourceTree = "<group>"; };
		E96FBF4C1BC749010073B788 /* GBMSquareRequestParser.m */ = {isa = PBXFileReference; fileEncoding = 4; lastKnownFileType = sourcecode.c.objc; path = GBMSquareRequestParser.m; sourceTree = "<group>"; };
		E987E9921BAFA61700D4A039 /* GBMUserModel.h */ = {isa = PBXFileReference; fileEncoding = 4; lastKnownFileType = sourcecode.c.h; path = GBMUserModel.h; sourceTree = "<group>"; };
		E987E9931BAFA61700D4A039 /* GBMUserModel.m */ = {isa = PBXFileReference; fileEncoding = 4; lastKnownFileType = sourcecode.c.objc; path = GBMUserModel.m; sourceTree = "<group>"; };
		E987E9971BAFA63900D4A039 /* GBMSquareModel.h */ = {isa = PBXFileReference; fileEncoding = 4; lastKnownFileType = sourcecode.c.h; path = GBMSquareModel.h; sourceTree = "<group>"; };
		E987E9981BAFA63900D4A039 /* GBMSquareModel.m */ = {isa = PBXFileReference; fileEncoding = 4; lastKnownFileType = sourcecode.c.objc; path = GBMSquareModel.m; sourceTree = "<group>"; };
		E987E99B1BAFA64900D4A039 /* GBMPictureModel.h */ = {isa = PBXFileReference; fileEncoding = 4; lastKnownFileType = sourcecode.c.h; path = GBMPictureModel.h; sourceTree = "<group>"; };
		E987E99C1BAFA64900D4A039 /* GBMPictureModel.m */ = {isa = PBXFileReference; fileEncoding = 4; lastKnownFileType = sourcecode.c.objc; path = GBMPictureModel.m; sourceTree = "<group>"; };
		E987E99F1BAFA66400D4A039 /* GBMLoginViewController.h */ = {isa = PBXFileReference; fileEncoding = 4; lastKnownFileType = sourcecode.c.h; path = GBMLoginViewController.h; sourceTree = "<group>"; };
		E987E9A01BAFA66400D4A039 /* GBMLoginViewController.m */ = {isa = PBXFileReference; fileEncoding = 4; lastKnownFileType = sourcecode.c.objc; path = GBMLoginViewController.m; sourceTree = "<group>"; };
		E987E9A31BAFA71700D4A039 /* GBMRegisterViewController.h */ = {isa = PBXFileReference; fileEncoding = 4; lastKnownFileType = sourcecode.c.h; path = GBMRegisterViewController.h; sourceTree = "<group>"; };
		E987E9A41BAFA71700D4A039 /* GBMRegisterViewController.m */ = {isa = PBXFileReference; fileEncoding = 4; lastKnownFileType = sourcecode.c.objc; path = GBMRegisterViewController.m; sourceTree = "<group>"; };
		E987E9A71BAFA72400D4A039 /* GBMMyViewController.h */ = {isa = PBXFileReference; fileEncoding = 4; lastKnownFileType = sourcecode.c.h; path = GBMMyViewController.h; sourceTree = "<group>"; };
		E987E9A81BAFA72400D4A039 /* GBMMyViewController.m */ = {isa = PBXFileReference; fileEncoding = 4; lastKnownFileType = sourcecode.c.objc; path = GBMMyViewController.m; sourceTree = "<group>"; };
		E987E9AB1BAFA73200D4A039 /* GBMSquareViewController.h */ = {isa = PBXFileReference; fileEncoding = 4; lastKnownFileType = sourcecode.c.h; path = GBMSquareViewController.h; sourceTree = "<group>"; };
		E987E9AC1BAFA73200D4A039 /* GBMSquareViewController.m */ = {isa = PBXFileReference; fileEncoding = 4; lastKnownFileType = sourcecode.c.objc; path = GBMSquareViewController.m; sourceTree = "<group>"; };
		E9E171491BD2150800218C42 /* AMap.bundle */ = {isa = PBXFileReference; lastKnownFileType = "wrapper.plug-in"; path = AMap.bundle; sourceTree = "<group>"; };
		E9E1714B1BD2152D00218C42 /* CoreLocation.framework */ = {isa = PBXFileReference; lastKnownFileType = wrapper.framework; name = CoreLocation.framework; path = System/Library/Frameworks/CoreLocation.framework; sourceTree = SDKROOT; };
		E9E1714D1BD2159600218C42 /* CoreGraphics.framework */ = {isa = PBXFileReference; lastKnownFileType = wrapper.framework; name = CoreGraphics.framework; path = System/Library/Frameworks/CoreGraphics.framework; sourceTree = SDKROOT; };
		E9E1714F1BD2159D00218C42 /* QuartzCore.framework */ = {isa = PBXFileReference; lastKnownFileType = wrapper.framework; name = QuartzCore.framework; path = System/Library/Frameworks/QuartzCore.framework; sourceTree = SDKROOT; };
		E9E171511BD215A700218C42 /* OpenGLES.framework */ = {isa = PBXFileReference; lastKnownFileType = wrapper.framework; name = OpenGLES.framework; path = System/Library/Frameworks/OpenGLES.framework; sourceTree = SDKROOT; };
		E9E171531BD215AF00218C42 /* CoreTelephony.framework */ = {isa = PBXFileReference; lastKnownFileType = wrapper.framework; name = CoreTelephony.framework; path = System/Library/Frameworks/CoreTelephony.framework; sourceTree = SDKROOT; };
		E9E171551BD215B600218C42 /* SystemConfiguration.framework */ = {isa = PBXFileReference; lastKnownFileType = wrapper.framework; name = SystemConfiguration.framework; path = System/Library/Frameworks/SystemConfiguration.framework; sourceTree = SDKROOT; };
		E9E1715D1BD215E300218C42 /* Security.framework */ = {isa = PBXFileReference; lastKnownFileType = wrapper.framework; name = Security.framework; path = System/Library/Frameworks/Security.framework; sourceTree = SDKROOT; };
		E9F17DC11BAF93B700C2948B /* GBMoran_iOS.app */ = {isa = PBXFileReference; explicitFileType = wrapper.application; includeInIndex = 0; path = GBMoran_iOS.app; sourceTree = BUILT_PRODUCTS_DIR; };
		E9F17DC51BAF93B700C2948B /* Info.plist */ = {isa = PBXFileReference; lastKnownFileType = text.plist.xml; path = Info.plist; sourceTree = "<group>"; };
		E9F17DC61BAF93B700C2948B /* main.m */ = {isa = PBXFileReference; lastKnownFileType = sourcecode.c.objc; path = main.m; sourceTree = "<group>"; };
		E9F17DD11BAF93B700C2948B /* Images.xcassets */ = {isa = PBXFileReference; lastKnownFileType = folder.assetcatalog; path = Images.xcassets; sourceTree = "<group>"; };
		E9F17DD41BAF93B700C2948B /* Base */ = {isa = PBXFileReference; lastKnownFileType = file.xib; name = Base; path = Base.lproj/LaunchScreen.xib; sourceTree = "<group>"; };
		E9F17DDA1BAF93B700C2948B /* GBMoran_iOSTests.xctest */ = {isa = PBXFileReference; explicitFileType = wrapper.cfbundle; includeInIndex = 0; path = GBMoran_iOSTests.xctest; sourceTree = BUILT_PRODUCTS_DIR; };
		E9F17DDF1BAF93B700C2948B /* Info.plist */ = {isa = PBXFileReference; lastKnownFileType = text.plist.xml; path = Info.plist; sourceTree = "<group>"; };
		E9F17DE01BAF93B700C2948B /* GBMoran_iOSTests.m */ = {isa = PBXFileReference; lastKnownFileType = sourcecode.c.objc; path = GBMoran_iOSTests.m; sourceTree = "<group>"; };
/* End PBXFileReference section */

/* Begin PBXFrameworksBuildPhase section */
		E9F17DBE1BAF93B700C2948B /* Frameworks */ = {
			isa = PBXFrameworksBuildPhase;
			buildActionMask = 2147483647;
			files = (
				9935465B1BD78B5F00881616 /* libz.1.2.5.tbd in Frameworks */,
				993546591BD78B4C00881616 /* libstdc++.6.tbd in Frameworks */,
				993546571BD78B4600881616 /* libstdc++.tbd in Frameworks */,
				E9E1715E1BD215E300218C42 /* Security.framework in Frameworks */,
				993546551BD78B2100881616 /* libstdc++.6.0.9.tbd in Frameworks */,
				E9E171561BD215B600218C42 /* SystemConfiguration.framework in Frameworks */,
				E9E171541BD215AF00218C42 /* CoreTelephony.framework in Frameworks */,
				E9E1714C1BD2152D00218C42 /* CoreLocation.framework in Frameworks */,
				E9E171521BD215A700218C42 /* OpenGLES.framework in Frameworks */,
				E9E171501BD2159D00218C42 /* QuartzCore.framework in Frameworks */,
				E9E1714E1BD2159600218C42 /* CoreGraphics.framework in Frameworks */,
				993546541BD78AE100881616 /* Foundation.framework in Frameworks */,
				993546521BD78AD900881616 /* UIKit.framework in Frameworks */,
				993546501BD789C000881616 /* MAMapKit.framework in Frameworks */,
				995CF0071BD480DF0052B5F7 /* AMapSearchKit.framework in Frameworks */,
			);
			runOnlyForDeploymentPostprocessing = 0;
		};
		E9F17DD71BAF93B700C2948B /* Frameworks */ = {
			isa = PBXFrameworksBuildPhase;
			buildActionMask = 2147483647;
			files = (
			);
			runOnlyForDeploymentPostprocessing = 0;
		};
/* End PBXFrameworksBuildPhase section */

/* Begin PBXGroup section */
		9900D7921BD0A3C600A4C32D /* My */ = {
			isa = PBXGroup;
			children = (
				9900D7931BD0A46A00A4C32D /* GBMReNameRequest.h */,
				9900D7941BD0A46A00A4C32D /* GBMReNameRequest.m */,
				9900D79C1BD0CC0200A4C32D /* GBMReImageRequest.h */,
				9900D79D1BD0CC0200A4C32D /* GBMReImageRequest.m */,
			);
			name = My;
			sourceTree = "<group>";
		};
		994BB5101BB68D1E00420EB8 /* ViewDetail */ = {
			isa = PBXGroup;
			children = (
				999CB1B21BBE303700F01E42 /* GBMViewDetailViewController.h */,
				999CB1B31BBE303700F01E42 /* GBMViewDetailViewController.m */,
			);
			name = ViewDetail;
			sourceTree = "<group>";
		};
		994BB5111BB68DF800420EB8 /* Views */ = {
			isa = PBXGroup;
			children = (
				994BB5121BB68DF800420EB8 /* Cell */,
				994BB5161BB68DF800420EB8 /* Storyboard */,
			);
			path = Views;
			sourceTree = "<group>";
		};
		994BB5121BB68DF800420EB8 /* Cell */ = {
			isa = PBXGroup;
			children = (
				DF755C291BD609F1005B0495 /* GBMCommentListCell.h */,
				DF755C2A1BD609F1005B0495 /* GBMCommentListCell.m */,
				E91353A31BC5398B002DE9B3 /* GBMSquareCell.h */,
				E91353A41BC5398B002DE9B3 /* GBMSquareCell.m */,
				E91353A51BC5398B002DE9B3 /* GBMSquareCollectionCell.h */,
				E91353A61BC5398B002DE9B3 /* GBMSquareCollectionCell.m */,
				994BB5131BB68DF800420EB8 /* GBMPublishCell.h */,
				994BB5141BB68DF800420EB8 /* GBMPublishCell.m */,
				994BB5151BB68DF800420EB8 /* GBMPublishCell.xib */,
			);
			path = Cell;
			sourceTree = "<group>";
		};
		994BB5161BB68DF800420EB8 /* Storyboard */ = {
			isa = PBXGroup;
			children = (
				994BB5171BB68DF800420EB8 /* GBMLoginAndRegister.storyboard */,
				994BB5181BB68DF800420EB8 /* GBMMy.storyboard */,
				994BB5191BB68DF800420EB8 /* GBMPublish.storyboard */,
				994BB51A1BB68DF800420EB8 /* GBMSquare3.storyboard */,
				994BB51B1BB68DF800420EB8 /* GBMViewDetail.storyboard */,
				DFAC95081BD78F9C00119885 /* GBMSquare.storyboard */,
			);
			path = Storyboard;
			sourceTree = "<group>";
		};
		994BB5231BB68E0D00420EB8 /* Publish */ = {
			isa = PBXGroup;
			children = (
				994BB5241BB68E0D00420EB8 /* GBMPublishViewController.h */,
				994BB5251BB68E0D00420EB8 /* GBMPublishViewController.m */,
				994BB5261BB68E0D00420EB8 /* Untitled.jpg */,
			);
			path = Publish;
			sourceTree = "<group>";
		};
		995A797A1BD72EF000D4A823 /* Publish */ = {
			isa = PBXGroup;
			children = (
				995A79821BD72F5400D4A823 /* GBMLocationModel.h */,
				995A79831BD72F5400D4A823 /* GBMLocationModel.m */,
				995A797B1BD72EF000D4A823 /* GBMPublishModel.h */,
				995A797C1BD72EF000D4A823 /* GBMPublishModel.m */,
			);
			path = Publish;
			sourceTree = "<group>";
		};
		995A797D1BD72EF000D4A823 /* ViewDetail */ = {
			isa = PBXGroup;
			children = (
				995A797E1BD72EF000D4A823 /* GBMViewDetailModel.h */,
				995A797F1BD72EF000D4A823 /* GBMViewDetailModel.m */,
			);
			path = ViewDetail;
			sourceTree = "<group>";
		};
		995A79C81BD7685E00D4A823 /* Global */ = {
			isa = PBXGroup;
			children = (
				995A79C91BD7685E00D4A823 /* GBMGlobal.h */,
				995A79CA1BD7685E00D4A823 /* GBMGlobal.m */,
			);
			path = Global;
			sourceTree = "<group>";
		};
		995A79CB1BD7685E00D4A823 /* Library */ = {
			isa = PBXGroup;
			children = (
				995A79CC1BD7685E00D4A823 /* KxMenu.h */,
				995A79CD1BD7685E00D4A823 /* KxMenu.m */,
				995A79CE1BD7685E00D4A823 /* MJRefresh */,
				995A79F51BD7685E00D4A823 /* SDWebImage */,
				995A7A171BD7685E00D4A823 /* SVProgressHUD */,
				995A7A461BD7688F00D4A823 /* UIColor+AddColor.h */,
				995A7A471BD7688F00D4A823 /* UIColor+AddColor.m */,
			);
			path = Library;
			sourceTree = "<group>";
		};
		995A79CE1BD7685E00D4A823 /* MJRefresh */ = {
			isa = PBXGroup;
			children = (
				995A79CF1BD7685E00D4A823 /* MJRefresh.bundle */,
				995A79D01BD7685E00D4A823 /* MJRefresh.h */,
				995A79D11BD7685E00D4A823 /* MJRefreshAutoFooter.h */,
				995A79D21BD7685E00D4A823 /* MJRefreshAutoFooter.m */,
				995A79D31BD7685E00D4A823 /* MJRefreshAutoGifFooter.h */,
				995A79D41BD7685E00D4A823 /* MJRefreshAutoGifFooter.m */,
				995A79D51BD7685E00D4A823 /* MJRefreshAutoNormalFooter.h */,
				995A79D61BD7685E00D4A823 /* MJRefreshAutoNormalFooter.m */,
				995A79D71BD7685E00D4A823 /* MJRefreshAutoStateFooter.h */,
				995A79D81BD7685E00D4A823 /* MJRefreshAutoStateFooter.m */,
				995A79D91BD7685E00D4A823 /* MJRefreshBackFooter.h */,
				995A79DA1BD7685E00D4A823 /* MJRefreshBackFooter.m */,
				995A79DB1BD7685E00D4A823 /* MJRefreshBackGifFooter.h */,
				995A79DC1BD7685E00D4A823 /* MJRefreshBackGifFooter.m */,
				995A79DD1BD7685E00D4A823 /* MJRefreshBackNormalFooter.h */,
				995A79DE1BD7685E00D4A823 /* MJRefreshBackNormalFooter.m */,
				995A79DF1BD7685E00D4A823 /* MJRefreshBackStateFooter.h */,
				995A79E01BD7685E00D4A823 /* MJRefreshBackStateFooter.m */,
				995A79E11BD7685E00D4A823 /* MJRefreshComponent.h */,
				995A79E21BD7685E00D4A823 /* MJRefreshComponent.m */,
				995A79E31BD7685E00D4A823 /* MJRefreshConst.h */,
				995A79E41BD7685E00D4A823 /* MJRefreshConst.m */,
				995A79E51BD7685E00D4A823 /* MJRefreshFooter.h */,
				995A79E61BD7685E00D4A823 /* MJRefreshFooter.m */,
				995A79E71BD7685E00D4A823 /* MJRefreshGifHeader.h */,
				995A79E81BD7685E00D4A823 /* MJRefreshGifHeader.m */,
				995A79E91BD7685E00D4A823 /* MJRefreshHeader.h */,
				995A79EA1BD7685E00D4A823 /* MJRefreshHeader.m */,
				995A79EB1BD7685E00D4A823 /* MJRefreshNormalHeader.h */,
				995A79EC1BD7685E00D4A823 /* MJRefreshNormalHeader.m */,
				995A79ED1BD7685E00D4A823 /* MJRefreshStateHeader.h */,
				995A79EE1BD7685E00D4A823 /* MJRefreshStateHeader.m */,
				995A79EF1BD7685E00D4A823 /* UIScrollView+MJExtension.h */,
				995A79F01BD7685E00D4A823 /* UIScrollView+MJExtension.m */,
				995A79F11BD7685E00D4A823 /* UIScrollView+MJRefresh.h */,
				995A79F21BD7685E00D4A823 /* UIScrollView+MJRefresh.m */,
				995A79F31BD7685E00D4A823 /* UIView+MJExtension.h */,
				995A79F41BD7685E00D4A823 /* UIView+MJExtension.m */,
			);
			path = MJRefresh;
			sourceTree = "<group>";
		};
		995A79F51BD7685E00D4A823 /* SDWebImage */ = {
			isa = PBXGroup;
			children = (
				995A79F61BD7685E00D4A823 /* MKAnnotationView+WebCache.h */,
				995A79F71BD7685E00D4A823 /* MKAnnotationView+WebCache.m */,
				995A79F81BD7685E00D4A823 /* NSData+ImageContentType.h */,
				995A79F91BD7685E00D4A823 /* NSData+ImageContentType.m */,
				995A79FA1BD7685E00D4A823 /* SDImageCache.h */,
				995A79FB1BD7685E00D4A823 /* SDImageCache.m */,
				995A79FC1BD7685E00D4A823 /* SDWebImageCompat.h */,
				995A79FD1BD7685E00D4A823 /* SDWebImageCompat.m */,
				995A79FE1BD7685E00D4A823 /* SDWebImageDecoder.h */,
				995A79FF1BD7685E00D4A823 /* SDWebImageDecoder.m */,
				995A7A001BD7685E00D4A823 /* SDWebImageDownloader.h */,
				995A7A011BD7685E00D4A823 /* SDWebImageDownloader.m */,
				995A7A021BD7685E00D4A823 /* SDWebImageDownloaderOperation.h */,
				995A7A031BD7685E00D4A823 /* SDWebImageDownloaderOperation.m */,
				995A7A041BD7685E00D4A823 /* SDWebImageManager.h */,
				995A7A051BD7685E00D4A823 /* SDWebImageManager.m */,
				995A7A061BD7685E00D4A823 /* SDWebImageOperation.h */,
				995A7A071BD7685E00D4A823 /* SDWebImagePrefetcher.h */,
				995A7A081BD7685E00D4A823 /* SDWebImagePrefetcher.m */,
				995A7A091BD7685E00D4A823 /* UIButton+WebCache.h */,
				995A7A0A1BD7685E00D4A823 /* UIButton+WebCache.m */,
				995A7A0B1BD7685E00D4A823 /* UIImage+GIF.h */,
				995A7A0C1BD7685E00D4A823 /* UIImage+GIF.m */,
				995A7A0D1BD7685E00D4A823 /* UIImage+MultiFormat.h */,
				995A7A0E1BD7685E00D4A823 /* UIImage+MultiFormat.m */,
				995A7A0F1BD7685E00D4A823 /* UIImage+WebP.h */,
				995A7A101BD7685E00D4A823 /* UIImage+WebP.m */,
				995A7A111BD7685E00D4A823 /* UIImageView+HighlightedWebCache.h */,
				995A7A121BD7685E00D4A823 /* UIImageView+HighlightedWebCache.m */,
				995A7A131BD7685E00D4A823 /* UIImageView+WebCache.h */,
				995A7A141BD7685E00D4A823 /* UIImageView+WebCache.m */,
				995A7A151BD7685E00D4A823 /* UIView+WebCacheOperation.h */,
				995A7A161BD7685E00D4A823 /* UIView+WebCacheOperation.m */,
			);
			path = SDWebImage;
			sourceTree = "<group>";
		};
		995A7A171BD7685E00D4A823 /* SVProgressHUD */ = {
			isa = PBXGroup;
			children = (
				995A7A181BD7685E00D4A823 /* SVProgressHUD.bundle */,
				995A7A191BD7685E00D4A823 /* SVProgressHUD.h */,
				995A7A1A1BD7685E00D4A823 /* SVProgressHUD.m */,
			);
			path = SVProgressHUD;
			sourceTree = "<group>";
		};
		995A7A421BD7687000D4A823 /* App */ = {
			isa = PBXGroup;
			children = (
				995A7A431BD7687000D4A823 /* AppDelegate.h */,
				995A7A441BD7687000D4A823 /* AppDelegate.m */,
			);
			path = App;
			sourceTree = "<group>";
		};
		995CF00A1BD486170052B5F7 /* ViewDetail */ = {
			isa = PBXGroup;
			children = (
				995CF00B1BD4865D0052B5F7 /* GBMViewDetailRequest.h */,
				995CF00C1BD4865D0052B5F7 /* GBMViewDetailRequest.m */,
			);
			name = ViewDetail;
			sourceTree = "<group>";
		};
		C93EB5C01BAFD5D9007DCAB4 /* Requests */ = {
			isa = PBXGroup;
			children = (
				9900D7921BD0A3C600A4C32D /* My */,
				E96FBF471BC744810073B788 /* Square */,
				E9CA0CF51BB2A81500695D6E /* LoginAndRegister */,
				DFD76C6D1BB28F7400AAF041 /* Publish */,
			);
			path = Requests;
			sourceTree = "<group>";
		};
		C93EB5C71BAFDC60007DCAB4 /* Utilities */ = {
			isa = PBXGroup;
			children = (
				C93EB5C81BAFDC60007DCAB4 /* BLMultipartForm.h */,
				C93EB5C91BAFDC60007DCAB4 /* BLMultipartForm.m */,
			);
			path = Utilities;
			sourceTree = "<group>";
		};
		C93EB5CB1BAFE464007DCAB4 /* Parsers */ = {
			isa = PBXGroup;
			children = (
				995A79851BD72F5E00D4A823 /* GBMLocationParser.h */,
				995A79861BD72F5E00D4A823 /* GBMLocationParser.m */,
				DFEB0BF31BB774040023543B /* GBMPublishRequestParser.h */,
				DFEB0BF41BB774040023543B /* GBMPublishRequestParser.m */,
				C93EB5CC1BAFE464007DCAB4 /* GBMLoginRequestParser.h */,
				C93EB5CD1BAFE464007DCAB4 /* GBMLoginRequestParser.m */,
				C93EB5CF1BAFE9A9007DCAB4 /* GBMRegisterRequestParser.h */,
				C93EB5D01BAFE9A9007DCAB4 /* GBMRegisterRequestParser.m */,
				E96FBF4B1BC749010073B788 /* GBMSquareRequestParser.h */,
				E96FBF4C1BC749010073B788 /* GBMSquareRequestParser.m */,
				DF755C2C1BD6129B005B0495 /* GBMViewDetailParser.h */,
				DF755C2D1BD6129B005B0495 /* GBMViewDetailParser.m */,
			);
			path = Parsers;
			sourceTree = "<group>";
		};
		DFD76C6D1BB28F7400AAF041 /* Publish */ = {
			isa = PBXGroup;
			children = (
				DFD76C6E1BB28F8F00AAF041 /* GBMPublishRequest.h */,
				DFD76C6F1BB28F8F00AAF041 /* GBMPublishRequest.m */,
				DF22FEB61BD0B646008A893A /* GBMLocationRequest.h */,
				DF22FEB71BD0B646008A893A /* GBMLocationRequest.m */,
			);
			name = Publish;
			sourceTree = "<group>";
		};
		E96FBF471BC744810073B788 /* Square */ = {
			isa = PBXGroup;
			children = (
				995CF00A1BD486170052B5F7 /* ViewDetail */,
				E96FBF481BC744B20073B788 /* GBMSquareRequest.h */,
				E96FBF491BC744B20073B788 /* GBMSquareRequest.m */,
			);
			name = Square;
			sourceTree = "<group>";
		};
		E987E9801BAFA53900D4A039 /* Controllers */ = {
			isa = PBXGroup;
			children = (
				E987E9811BAFA53900D4A039 /* LoginAndRegister */,
				E987E9821BAFA53900D4A039 /* My */,
				E987E9831BAFA53900D4A039 /* Square */,
			);
			path = Controllers;
			sourceTree = "<group>";
		};
		E987E9811BAFA53900D4A039 /* LoginAndRegister */ = {
			isa = PBXGroup;
			children = (
				E987E99F1BAFA66400D4A039 /* GBMLoginViewController.h */,
				E987E9A01BAFA66400D4A039 /* GBMLoginViewController.m */,
				E987E9A31BAFA71700D4A039 /* GBMRegisterViewController.h */,
				E987E9A41BAFA71700D4A039 /* GBMRegisterViewController.m */,
			);
			path = LoginAndRegister;
			sourceTree = "<group>";
		};
		E987E9821BAFA53900D4A039 /* My */ = {
			isa = PBXGroup;
			children = (
				C9D668AB1BBA3C4100208F9D /* GBMHomePageViewController.h */,
				C9D668AA1BBA3C4100208F9D /* GBMHomePageViewController.m */,
				E987E9A71BAFA72400D4A039 /* GBMMyViewController.h */,
				E987E9A81BAFA72400D4A039 /* GBMMyViewController.m */,
				C92D43881BB7890A00FA1916 /* GBMNickNameViewController.h */,
				C92D43891BB7890A00FA1916 /* GBMNickNameViewController.m */,
				C92D438B1BB7891900FA1916 /* GBMHeadImageViewController.h */,
				C92D438C1BB7891900FA1916 /* GBMHeadImageViewController.m */,
			);
			path = My;
			sourceTree = "<group>";
		};
		E987E9831BAFA53900D4A039 /* Square */ = {
			isa = PBXGroup;
			children = (
				994BB5231BB68E0D00420EB8 /* Publish */,
				994BB5101BB68D1E00420EB8 /* ViewDetail */,
				E987E9AB1BAFA73200D4A039 /* GBMSquareViewController.h */,
				E987E9AC1BAFA73200D4A039 /* GBMSquareViewController.m */,
			);
			path = Square;
			sourceTree = "<group>";
		};
		E987E9841BAFA54000D4A039 /* Models */ = {
			isa = PBXGroup;
			children = (
				E987E9851BAFA54000D4A039 /* Picture */,
				E987E9861BAFA54000D4A039 /* Square */,
				E987E9871BAFA54000D4A039 /* User */,
			);
			path = Models;
			sourceTree = "<group>";
		};
		E987E9851BAFA54000D4A039 /* Picture */ = {
			isa = PBXGroup;
			children = (
				E987E99B1BAFA64900D4A039 /* GBMPictureModel.h */,
				E987E99C1BAFA64900D4A039 /* GBMPictureModel.m */,
			);
			path = Picture;
			sourceTree = "<group>";
		};
		E987E9861BAFA54000D4A039 /* Square */ = {
			isa = PBXGroup;
			children = (
				995A797A1BD72EF000D4A823 /* Publish */,
				995A797D1BD72EF000D4A823 /* ViewDetail */,
				E987E9971BAFA63900D4A039 /* GBMSquareModel.h */,
				E987E9981BAFA63900D4A039 /* GBMSquareModel.m */,
			);
			path = Square;
			sourceTree = "<group>";
		};
		E987E9871BAFA54000D4A039 /* User */ = {
			isa = PBXGroup;
			children = (
				E987E9921BAFA61700D4A039 /* GBMUserModel.h */,
				E987E9931BAFA61700D4A039 /* GBMUserModel.m */,
			);
			path = User;
			sourceTree = "<group>";
		};
		E987E98B1BAFA58200D4A039 /* Resources */ = {
			isa = PBXGroup;
			children = (
				DFFB3C251BB1756000396F7A /* Main.xcassets */,
				E9F17DD11BAF93B700C2948B /* Images.xcassets */,
				E9F17DD31BAF93B700C2948B /* LaunchScreen.xib */,
			);
			name = Resources;
			sourceTree = "<group>";
		};
		E9CA0CF31BB2A7E600695D6E /* Public */ = {
			isa = PBXGroup;
			children = (
				E9CA0CF41BB2A7F800695D6E /* Network */,
			);
			name = Public;
			sourceTree = "<group>";
		};
		E9CA0CF41BB2A7F800695D6E /* Network */ = {
			isa = PBXGroup;
			children = (
				C93EB5C01BAFD5D9007DCAB4 /* Requests */,
				C93EB5C71BAFDC60007DCAB4 /* Utilities */,
				C93EB5CB1BAFE464007DCAB4 /* Parsers */,
			);
			name = Network;
			sourceTree = "<group>";
		};
		E9CA0CF51BB2A81500695D6E /* LoginAndRegister */ = {
			isa = PBXGroup;
			children = (
				C93EB5C11BAFD7EE007DCAB4 /* GBMLoginRequest.h */,
				C93EB5C21BAFD7EE007DCAB4 /* GBMLoginRequest.m */,
				C93EB5C41BAFD87B007DCAB4 /* GBMRegisterRequest.h */,
				C93EB5C51BAFD87B007DCAB4 /* GBMRegisterRequest.m */,
				9900D7961BD0C80D00A4C32D /* GBMGetImage.h */,
				9900D7971BD0C80D00A4C32D /* GBMGetImage.m */,
			);
			name = LoginAndRegister;
			sourceTree = "<group>";
		};
		E9E1715F1BD217AC00218C42 /* Framework */ = {
			isa = PBXGroup;
			children = (
				E9E171491BD2150800218C42 /* AMap.bundle */,
				995CF0061BD480DF0052B5F7 /* AMapSearchKit.framework */,
				E9E1714D1BD2159600218C42 /* CoreGraphics.framework */,
				E9E1714B1BD2152D00218C42 /* CoreLocation.framework */,
				E9E171531BD215AF00218C42 /* CoreTelephony.framework */,
				993546531BD78AE100881616 /* Foundation.framework */,
				995CF0001BD47FED0052B5F7 /* libc++.tbd */,
				995CF0021BD47FF40052B5F7 /* libstdc++.6.0.9.tbd */,
				993546581BD78B4C00881616 /* libstdc++.6.tbd */,
				993546561BD78B4600881616 /* libstdc++.tbd */,
				9935465A1BD78B5F00881616 /* libz.1.2.5.tbd */,
				995CEFFE1BD47FE30052B5F7 /* libz.tbd */,
				9935464F1BD789BF00881616 /* MAMapKit.framework */,
				E9E171511BD215A700218C42 /* OpenGLES.framework */,
				E9E1714F1BD2159D00218C42 /* QuartzCore.framework */,
				E9E1715D1BD215E300218C42 /* Security.framework */,
				E9E171551BD215B600218C42 /* SystemConfiguration.framework */,
				993546511BD78AD900881616 /* UIKit.framework */,
			);
			name = Framework;
			sourceTree = "<group>";
		};
		E9F17DB81BAF93B700C2948B = {
			isa = PBXGroup;
			children = (
				E9E1715F1BD217AC00218C42 /* Framework */,
				E9F17DC31BAF93B700C2948B /* GBMoran_iOS */,
				E9F17DDD1BAF93B700C2948B /* GBMoran_iOSTests */,
				E9F17DC21BAF93B700C2948B /* Products */,
			);
			sourceTree = "<group>";
		};
		E9F17DC21BAF93B700C2948B /* Products */ = {
			isa = PBXGroup;
			children = (
				E9F17DC11BAF93B700C2948B /* GBMoran_iOS.app */,
				E9F17DDA1BAF93B700C2948B /* GBMoran_iOSTests.xctest */,
			);
			name = Products;
			sourceTree = "<group>";
		};
		E9F17DC31BAF93B700C2948B /* GBMoran_iOS */ = {
			isa = PBXGroup;
			children = (
				995A7A421BD7687000D4A823 /* App */,
				E987E9801BAFA53900D4A039 /* Controllers */,
				995A79C81BD7685E00D4A823 /* Global */,
				995A79CB1BD7685E00D4A823 /* Library */,
				E987E9841BAFA54000D4A039 /* Models */,
				E9CA0CF31BB2A7E600695D6E /* Public */,
				E987E98B1BAFA58200D4A039 /* Resources */,
				E9F17DC41BAF93B700C2948B /* Supporting Files */,
				994BB5111BB68DF800420EB8 /* Views */,
			);
			path = GBMoran_iOS;
			sourceTree = "<group>";
		};
		E9F17DC41BAF93B700C2948B /* Supporting Files */ = {
			isa = PBXGroup;
			children = (
				E9F17DC51BAF93B700C2948B /* Info.plist */,
				E9F17DC61BAF93B700C2948B /* main.m */,
			);
			name = "Supporting Files";
			sourceTree = "<group>";
		};
		E9F17DDD1BAF93B700C2948B /* GBMoran_iOSTests */ = {
			isa = PBXGroup;
			children = (
				E9F17DE01BAF93B700C2948B /* GBMoran_iOSTests.m */,
				E9F17DDE1BAF93B700C2948B /* Supporting Files */,
			);
			path = GBMoran_iOSTests;
			sourceTree = "<group>";
		};
		E9F17DDE1BAF93B700C2948B /* Supporting Files */ = {
			isa = PBXGroup;
			children = (
				E9F17DDF1BAF93B700C2948B /* Info.plist */,
			);
			name = "Supporting Files";
			sourceTree = "<group>";
		};
/* End PBXGroup section */

/* Begin PBXNativeTarget section */
		E9F17DC01BAF93B700C2948B /* GBMoran_iOS */ = {
			isa = PBXNativeTarget;
			buildConfigurationList = E9F17DE41BAF93B700C2948B /* Build configuration list for PBXNativeTarget "GBMoran_iOS" */;
			buildPhases = (
				E9F17DBD1BAF93B700C2948B /* Sources */,
				E9F17DBE1BAF93B700C2948B /* Frameworks */,
				E9F17DBF1BAF93B700C2948B /* Resources */,
			);
			buildRules = (
			);
			dependencies = (
			);
			name = GBMoran_iOS;
			productName = GBMoran_iOS;
			productReference = E9F17DC11BAF93B700C2948B /* GBMoran_iOS.app */;
			productType = "com.apple.product-type.application";
		};
		E9F17DD91BAF93B700C2948B /* GBMoran_iOSTests */ = {
			isa = PBXNativeTarget;
			buildConfigurationList = E9F17DE71BAF93B700C2948B /* Build configuration list for PBXNativeTarget "GBMoran_iOSTests" */;
			buildPhases = (
				E9F17DD61BAF93B700C2948B /* Sources */,
				E9F17DD71BAF93B700C2948B /* Frameworks */,
				E9F17DD81BAF93B700C2948B /* Resources */,
			);
			buildRules = (
			);
			dependencies = (
				E9F17DDC1BAF93B700C2948B /* PBXTargetDependency */,
			);
			name = GBMoran_iOSTests;
			productName = GBMoran_iOSTests;
			productReference = E9F17DDA1BAF93B700C2948B /* GBMoran_iOSTests.xctest */;
			productType = "com.apple.product-type.bundle.unit-test";
		};
/* End PBXNativeTarget section */

/* Begin PBXProject section */
		E9F17DB91BAF93B700C2948B /* Project object */ = {
			isa = PBXProject;
			attributes = {
				LastUpgradeCheck = 0700;
				ORGANIZATIONNAME = Brave;
				TargetAttributes = {
					E9F17DC01BAF93B700C2948B = {
						CreatedOnToolsVersion = 6.1;
						DevelopmentTeam = 5F86ZD4GLF;
					};
					E9F17DD91BAF93B700C2948B = {
						CreatedOnToolsVersion = 6.1;
						TestTargetID = E9F17DC01BAF93B700C2948B;
					};
				};
			};
			buildConfigurationList = E9F17DBC1BAF93B700C2948B /* Build configuration list for PBXProject "GBMoran_iOS" */;
			compatibilityVersion = "Xcode 3.2";
			developmentRegion = English;
			hasScannedForEncodings = 0;
			knownRegions = (
				en,
				Base,
			);
			mainGroup = E9F17DB81BAF93B700C2948B;
			productRefGroup = E9F17DC21BAF93B700C2948B /* Products */;
			projectDirPath = "";
			projectRoot = "";
			targets = (
				E9F17DC01BAF93B700C2948B /* GBMoran_iOS */,
				E9F17DD91BAF93B700C2948B /* GBMoran_iOSTests */,
			);
		};
/* End PBXProject section */

/* Begin PBXResourcesBuildPhase section */
		E9F17DBF1BAF93B700C2948B /* Resources */ = {
			isa = PBXResourcesBuildPhase;
			buildActionMask = 2147483647;
			files = (
				994BB51E1BB68DF800420EB8 /* GBMLoginAndRegister.storyboard in Resources */,
				994BB5201BB68DF800420EB8 /* GBMPublish.storyboard in Resources */,
				995A7A1D1BD7685E00D4A823 /* MJRefresh.bundle in Resources */,
				DFFB3C261BB1756000396F7A /* Main.xcassets in Resources */,
				DFAC95091BD78F9C00119885 /* GBMSquare.storyboard in Resources */,
				994BB5221BB68DF800420EB8 /* GBMViewDetail.storyboard in Resources */,
				994BB5281BB68E0D00420EB8 /* Untitled.jpg in Resources */,
				E9E1714A1BD2150800218C42 /* AMap.bundle in Resources */,
				994BB51F1BB68DF800420EB8 /* GBMMy.storyboard in Resources */,
				995A7A401BD7685E00D4A823 /* SVProgressHUD.bundle in Resources */,
				E9F17DD51BAF93B700C2948B /* LaunchScreen.xib in Resources */,
				994BB5211BB68DF800420EB8 /* GBMSquare3.storyboard in Resources */,
				994BB51D1BB68DF800420EB8 /* GBMPublishCell.xib in Resources */,
				E9F17DD21BAF93B700C2948B /* Images.xcassets in Resources */,
			);
			runOnlyForDeploymentPostprocessing = 0;
		};
		E9F17DD81BAF93B700C2948B /* Resources */ = {
			isa = PBXResourcesBuildPhase;
			buildActionMask = 2147483647;
			files = (
			);
			runOnlyForDeploymentPostprocessing = 0;
		};
/* End PBXResourcesBuildPhase section */

/* Begin PBXSourcesBuildPhase section */
		E9F17DBD1BAF93B700C2948B /* Sources */ = {
			isa = PBXSourcesBuildPhase;
			buildActionMask = 2147483647;
			files = (
				995A7A291BD7685E00D4A823 /* MJRefreshGifHeader.m in Sources */,
				C93EB5CA1BAFDC60007DCAB4 /* BLMultipartForm.m in Sources */,
				E96FBF4A1BC744B20073B788 /* GBMSquareRequest.m in Sources */,
				995A79841BD72F5400D4A823 /* GBMLocationModel.m in Sources */,
				995A7A3D1BD7685E00D4A823 /* UIImageView+HighlightedWebCache.m in Sources */,
				995A7A2E1BD7685E00D4A823 /* UIScrollView+MJRefresh.m in Sources */,
				E987E9941BAFA61700D4A039 /* GBMUserModel.m in Sources */,
				E987E9A11BAFA66400D4A039 /* GBMLoginViewController.m in Sources */,
				995A7A201BD7685E00D4A823 /* MJRefreshAutoNormalFooter.m in Sources */,
				995A7A331BD7685E00D4A823 /* SDWebImageCompat.m in Sources */,
				995A7A341BD7685E00D4A823 /* SDWebImageDecoder.m in Sources */,
				DFD76C701BB28F8F00AAF041 /* GBMPublishRequest.m in Sources */,
				995A7A261BD7685E00D4A823 /* MJRefreshComponent.m in Sources */,
				995A7A3B1BD7685E00D4A823 /* UIImage+MultiFormat.m in Sources */,
				9900D79E1BD0CC0200A4C32D /* GBMReImageRequest.m in Sources */,
				E96FBF4D1BC749010073B788 /* GBMSquareRequestParser.m in Sources */,
				995A7A311BD7685E00D4A823 /* NSData+ImageContentType.m in Sources */,
				DFEB0BF51BB774040023543B /* GBMPublishRequestParser.m in Sources */,
				E987E9A91BAFA72400D4A039 /* GBMMyViewController.m in Sources */,
				995A7A3F1BD7685E00D4A823 /* UIView+WebCacheOperation.m in Sources */,
				995A7A361BD7685E00D4A823 /* SDWebImageDownloaderOperation.m in Sources */,
				995A79811BD72EF000D4A823 /* GBMViewDetailModel.m in Sources */,
				995A7A351BD7685E00D4A823 /* SDWebImageDownloader.m in Sources */,
				995A7A231BD7685E00D4A823 /* MJRefreshBackGifFooter.m in Sources */,
				E9F17DC71BAF93B700C2948B /* main.m in Sources */,
				995A7A321BD7685E00D4A823 /* SDImageCache.m in Sources */,
				995A7A2B1BD7685E00D4A823 /* MJRefreshNormalHeader.m in Sources */,
				995A7A301BD7685E00D4A823 /* MKAnnotationView+WebCache.m in Sources */,
				995A7A241BD7685E00D4A823 /* MJRefreshBackNormalFooter.m in Sources */,
				995A7A2D1BD7685E00D4A823 /* UIScrollView+MJExtension.m in Sources */,
				995A7A391BD7685E00D4A823 /* UIButton+WebCache.m in Sources */,
				995A7A221BD7685E00D4A823 /* MJRefreshBackFooter.m in Sources */,
				995A79801BD72EF000D4A823 /* GBMPublishModel.m in Sources */,
				994BB51C1BB68DF800420EB8 /* GBMPublishCell.m in Sources */,
				C9D668AC1BBA3C4100208F9D /* GBMHomePageViewController.m in Sources */,
				C93EB5C61BAFD87B007DCAB4 /* GBMRegisterRequest.m in Sources */,
				9900D7981BD0C80D00A4C32D /* GBMGetImage.m in Sources */,
				E91353A71BC5398B002DE9B3 /* GBMSquareCell.m in Sources */,
				995A7A271BD7685E00D4A823 /* MJRefreshConst.m in Sources */,
				C92D438A1BB7890A00FA1916 /* GBMNickNameViewController.m in Sources */,
				E987E99D1BAFA64900D4A039 /* GBMPictureModel.m in Sources */,
				995A7A1F1BD7685E00D4A823 /* MJRefreshAutoGifFooter.m in Sources */,
				995A7A1B1BD7685E00D4A823 /* GBMGlobal.m in Sources */,
				9900D7951BD0A46A00A4C32D /* GBMReNameRequest.m in Sources */,
				995A7A2F1BD7685E00D4A823 /* UIView+MJExtension.m in Sources */,
				DF755C2E1BD6129B005B0495 /* GBMViewDetailParser.m in Sources */,
				C93EB5C31BAFD7EE007DCAB4 /* GBMLoginRequest.m in Sources */,
				995A7A1C1BD7685E00D4A823 /* KxMenu.m in Sources */,
				995A79871BD72F5E00D4A823 /* GBMLocationParser.m in Sources */,
				E91353A81BC5398B002DE9B3 /* GBMSquareCollectionCell.m in Sources */,
				995A7A3E1BD7685E00D4A823 /* UIImageView+WebCache.m in Sources */,
				C92D438D1BB7891900FA1916 /* GBMHeadImageViewController.m in Sources */,
				E987E9A51BAFA71700D4A039 /* GBMRegisterViewController.m in Sources */,
				995A7A3A1BD7685E00D4A823 /* UIImage+GIF.m in Sources */,
				995A7A251BD7685E00D4A823 /* MJRefreshBackStateFooter.m in Sources */,
				995A7A1E1BD7685E00D4A823 /* MJRefreshAutoFooter.m in Sources */,
				995A7A481BD7688F00D4A823 /* UIColor+AddColor.m in Sources */,
				994BB5271BB68E0D00420EB8 /* GBMPublishViewController.m in Sources */,
				C93EB5CE1BAFE464007DCAB4 /* GBMLoginRequestParser.m in Sources */,
				999CB1B41BBE303700F01E42 /* GBMViewDetailViewController.m in Sources */,
				E987E9991BAFA63900D4A039 /* GBMSquareModel.m in Sources */,
				C93EB5D11BAFE9A9007DCAB4 /* GBMRegisterRequestParser.m in Sources */,
				DF22FEB81BD0B646008A893A /* GBMLocationRequest.m in Sources */,
				995A7A451BD7687000D4A823 /* AppDelegate.m in Sources */,
				995A7A411BD7685E00D4A823 /* SVProgressHUD.m in Sources */,
				995A7A371BD7685E00D4A823 /* SDWebImageManager.m in Sources */,
				E987E9AD1BAFA73200D4A039 /* GBMSquareViewController.m in Sources */,
				995A7A2A1BD7685E00D4A823 /* MJRefreshHeader.m in Sources */,
				995A7A2C1BD7685E00D4A823 /* MJRefreshStateHeader.m in Sources */,
				995CF00D1BD4865D0052B5F7 /* GBMViewDetailRequest.m in Sources */,
				995A7A211BD7685E00D4A823 /* MJRefreshAutoStateFooter.m in Sources */,
				995A7A381BD7685E00D4A823 /* SDWebImagePrefetcher.m in Sources */,
				995A7A3C1BD7685E00D4A823 /* UIImage+WebP.m in Sources */,
				DF755C2B1BD609F1005B0495 /* GBMCommentListCell.m in Sources */,
				995A7A281BD7685E00D4A823 /* MJRefreshFooter.m in Sources */,
			);
			runOnlyForDeploymentPostprocessing = 0;
		};
		E9F17DD61BAF93B700C2948B /* Sources */ = {
			isa = PBXSourcesBuildPhase;
			buildActionMask = 2147483647;
			files = (
				E987E9A61BAFA71700D4A039 /* GBMRegisterViewController.m in Sources */,
				E9F17DE11BAF93B700C2948B /* GBMoran_iOSTests.m in Sources */,
				E987E99A1BAFA63900D4A039 /* GBMSquareModel.m in Sources */,
				E987E9AA1BAFA72400D4A039 /* GBMMyViewController.m in Sources */,
				E987E9A21BAFA66400D4A039 /* GBMLoginViewController.m in Sources */,
				E987E9951BAFA61700D4A039 /* GBMUserModel.m in Sources */,
				E987E99E1BAFA64900D4A039 /* GBMPictureModel.m in Sources */,
			);
			runOnlyForDeploymentPostprocessing = 0;
		};
/* End PBXSourcesBuildPhase section */

/* Begin PBXTargetDependency section */
		E9F17DDC1BAF93B700C2948B /* PBXTargetDependency */ = {
			isa = PBXTargetDependency;
			target = E9F17DC01BAF93B700C2948B /* GBMoran_iOS */;
			targetProxy = E9F17DDB1BAF93B700C2948B /* PBXContainerItemProxy */;
		};
/* End PBXTargetDependency section */

/* Begin PBXVariantGroup section */
		E9F17DD31BAF93B700C2948B /* LaunchScreen.xib */ = {
			isa = PBXVariantGroup;
			children = (
				E9F17DD41BAF93B700C2948B /* Base */,
			);
			name = LaunchScreen.xib;
			sourceTree = "<group>";
		};
/* End PBXVariantGroup section */

/* Begin XCBuildConfiguration section */
		E9F17DE21BAF93B700C2948B /* Debug */ = {
			isa = XCBuildConfiguration;
			buildSettings = {
				ALWAYS_SEARCH_USER_PATHS = NO;
				CLANG_CXX_LANGUAGE_STANDARD = "gnu++0x";
				CLANG_CXX_LIBRARY = "libc++";
				CLANG_ENABLE_MODULES = YES;
				CLANG_ENABLE_OBJC_ARC = YES;
				CLANG_WARN_BOOL_CONVERSION = YES;
				CLANG_WARN_CONSTANT_CONVERSION = YES;
				CLANG_WARN_DIRECT_OBJC_ISA_USAGE = YES_ERROR;
				CLANG_WARN_EMPTY_BODY = YES;
				CLANG_WARN_ENUM_CONVERSION = YES;
				CLANG_WARN_INT_CONVERSION = YES;
				CLANG_WARN_OBJC_ROOT_CLASS = YES_ERROR;
				CLANG_WARN_UNREACHABLE_CODE = YES;
				CLANG_WARN__DUPLICATE_METHOD_MATCH = YES;
				"CODE_SIGN_IDENTITY[sdk=iphoneos*]" = "iPhone Developer";
				COPY_PHASE_STRIP = NO;
				ENABLE_STRICT_OBJC_MSGSEND = YES;
				ENABLE_TESTABILITY = YES;
				GCC_C_LANGUAGE_STANDARD = gnu99;
				GCC_DYNAMIC_NO_PIC = NO;
				GCC_OPTIMIZATION_LEVEL = 0;
				GCC_PREPROCESSOR_DEFINITIONS = (
					"DEBUG=1",
					"$(inherited)",
				);
				GCC_SYMBOLS_PRIVATE_EXTERN = NO;
				GCC_WARN_64_TO_32_BIT_CONVERSION = YES;
				GCC_WARN_ABOUT_RETURN_TYPE = YES_ERROR;
				GCC_WARN_UNDECLARED_SELECTOR = YES;
				GCC_WARN_UNINITIALIZED_AUTOS = YES_AGGRESSIVE;
				GCC_WARN_UNUSED_FUNCTION = YES;
				GCC_WARN_UNUSED_VARIABLE = YES;
				IPHONEOS_DEPLOYMENT_TARGET = 8.1;
				MTL_ENABLE_DEBUG_INFO = YES;
				ONLY_ACTIVE_ARCH = YES;
				SDKROOT = iphoneos;
				TARGETED_DEVICE_FAMILY = "1,2";
			};
			name = Debug;
		};
		E9F17DE31BAF93B700C2948B /* Release */ = {
			isa = XCBuildConfiguration;
			buildSettings = {
				ALWAYS_SEARCH_USER_PATHS = NO;
				CLANG_CXX_LANGUAGE_STANDARD = "gnu++0x";
				CLANG_CXX_LIBRARY = "libc++";
				CLANG_ENABLE_MODULES = YES;
				CLANG_ENABLE_OBJC_ARC = YES;
				CLANG_WARN_BOOL_CONVERSION = YES;
				CLANG_WARN_CONSTANT_CONVERSION = YES;
				CLANG_WARN_DIRECT_OBJC_ISA_USAGE = YES_ERROR;
				CLANG_WARN_EMPTY_BODY = YES;
				CLANG_WARN_ENUM_CONVERSION = YES;
				CLANG_WARN_INT_CONVERSION = YES;
				CLANG_WARN_OBJC_ROOT_CLASS = YES_ERROR;
				CLANG_WARN_UNREACHABLE_CODE = YES;
				CLANG_WARN__DUPLICATE_METHOD_MATCH = YES;
				"CODE_SIGN_IDENTITY[sdk=iphoneos*]" = "iPhone Developer";
				COPY_PHASE_STRIP = YES;
				ENABLE_NS_ASSERTIONS = NO;
				ENABLE_STRICT_OBJC_MSGSEND = YES;
				GCC_C_LANGUAGE_STANDARD = gnu99;
				GCC_WARN_64_TO_32_BIT_CONVERSION = YES;
				GCC_WARN_ABOUT_RETURN_TYPE = YES_ERROR;
				GCC_WARN_UNDECLARED_SELECTOR = YES;
				GCC_WARN_UNINITIALIZED_AUTOS = YES_AGGRESSIVE;
				GCC_WARN_UNUSED_FUNCTION = YES;
				GCC_WARN_UNUSED_VARIABLE = YES;
				IPHONEOS_DEPLOYMENT_TARGET = 8.1;
				MTL_ENABLE_DEBUG_INFO = NO;
				SDKROOT = iphoneos;
				TARGETED_DEVICE_FAMILY = "1,2";
				VALIDATE_PRODUCT = YES;
			};
			name = Release;
		};
		E9F17DE51BAF93B700C2948B /* Debug */ = {
			isa = XCBuildConfiguration;
			buildSettings = {
				ASSETCATALOG_COMPILER_APPICON_NAME = AppIcon;
				CODE_SIGN_IDENTITY = "iPhone Developer";
				"CODE_SIGN_IDENTITY[sdk=iphoneos*]" = "iPhone Developer";
				FRAMEWORK_SEARCH_PATHS = (
					"$(inherited)",
					/Users/Brave/Downloads,
					"$(PROJECT_DIR)",
				);
				INFOPLIST_FILE = GBMoran_iOS/Info.plist;
				IPHONEOS_DEPLOYMENT_TARGET = 8.0;
				LD_RUNPATH_SEARCH_PATHS = "$(inherited) @executable_path/Frameworks";
				LIBRARY_SEARCH_PATHS = (
					"$(inherited)",
					"$(PROJECT_DIR)",
				);
				OTHER_LDFLAGS = "-ObjC";
				PRODUCT_BUNDLE_IDENTIFIER = com.geekband.moranTeam2;
				PRODUCT_NAME = "$(TARGET_NAME)";
				PROVISIONING_PROFILE = "";
			};
			name = Debug;
		};
		E9F17DE61BAF93B700C2948B /* Release */ = {
			isa = XCBuildConfiguration;
			buildSettings = {
				ASSETCATALOG_COMPILER_APPICON_NAME = AppIcon;
				CODE_SIGN_IDENTITY = "iPhone Developer";
				"CODE_SIGN_IDENTITY[sdk=iphoneos*]" = "iPhone Developer";
				FRAMEWORK_SEARCH_PATHS = (
					"$(inherited)",
					/Users/Brave/Downloads,
					"$(PROJECT_DIR)",
				);
				INFOPLIST_FILE = GBMoran_iOS/Info.plist;
				IPHONEOS_DEPLOYMENT_TARGET = 8.0;
				LD_RUNPATH_SEARCH_PATHS = "$(inherited) @executable_path/Frameworks";
				LIBRARY_SEARCH_PATHS = (
					"$(inherited)",
					"$(PROJECT_DIR)",
				);
				OTHER_LDFLAGS = "-ObjC";
				PRODUCT_BUNDLE_IDENTIFIER = com.geekband.moranTeam2;
				PRODUCT_NAME = "$(TARGET_NAME)";
				PROVISIONING_PROFILE = "";
			};
			name = Release;
		};
		E9F17DE81BAF93B700C2948B /* Debug */ = {
			isa = XCBuildConfiguration;
			buildSettings = {
				BUNDLE_LOADER = "$(TEST_HOST)";
				FRAMEWORK_SEARCH_PATHS = (
					"$(SDKROOT)/Developer/Library/Frameworks",
					"$(inherited)",
				);
				GCC_PREPROCESSOR_DEFINITIONS = (
					"DEBUG=1",
					"$(inherited)",
				);
				INFOPLIST_FILE = GBMoran_iOSTests/Info.plist;
				LD_RUNPATH_SEARCH_PATHS = "$(inherited) @executable_path/Frameworks @loader_path/Frameworks";
				PRODUCT_BUNDLE_IDENTIFIER = "Brave.$(PRODUCT_NAME:rfc1034identifier)";
				PRODUCT_NAME = "$(TARGET_NAME)";
				TEST_HOST = "$(BUILT_PRODUCTS_DIR)/GBMoran_iOS.app/GBMoran_iOS";
			};
			name = Debug;
		};
		E9F17DE91BAF93B700C2948B /* Release */ = {
			isa = XCBuildConfiguration;
			buildSettings = {
				BUNDLE_LOADER = "$(TEST_HOST)";
				FRAMEWORK_SEARCH_PATHS = (
					"$(SDKROOT)/Developer/Library/Frameworks",
					"$(inherited)",
				);
				INFOPLIST_FILE = GBMoran_iOSTests/Info.plist;
				LD_RUNPATH_SEARCH_PATHS = "$(inherited) @executable_path/Frameworks @loader_path/Frameworks";
				PRODUCT_BUNDLE_IDENTIFIER = "Brave.$(PRODUCT_NAME:rfc1034identifier)";
				PRODUCT_NAME = "$(TARGET_NAME)";
				TEST_HOST = "$(BUILT_PRODUCTS_DIR)/GBMoran_iOS.app/GBMoran_iOS";
			};
			name = Release;
		};
/* End XCBuildConfiguration section */

/* Begin XCConfigurationList section */
		E9F17DBC1BAF93B700C2948B /* Build configuration list for PBXProject "GBMoran_iOS" */ = {
			isa = XCConfigurationList;
			buildConfigurations = (
				E9F17DE21BAF93B700C2948B /* Debug */,
				E9F17DE31BAF93B700C2948B /* Release */,
			);
			defaultConfigurationIsVisible = 0;
			defaultConfigurationName = Release;
		};
		E9F17DE41BAF93B700C2948B /* Build configuration list for PBXNativeTarget "GBMoran_iOS" */ = {
			isa = XCConfigurationList;
			buildConfigurations = (
				E9F17DE51BAF93B700C2948B /* Debug */,
				E9F17DE61BAF93B700C2948B /* Release */,
			);
			defaultConfigurationIsVisible = 0;
			defaultConfigurationName = Release;
		};
		E9F17DE71BAF93B700C2948B /* Build configuration list for PBXNativeTarget "GBMoran_iOSTests" */ = {
			isa = XCConfigurationList;
			buildConfigurations = (
				E9F17DE81BAF93B700C2948B /* Debug */,
				E9F17DE91BAF93B700C2948B /* Release */,
			);
			defaultConfigurationIsVisible = 0;
			defaultConfigurationName = Release;
		};
/* End XCConfigurationList section */
	};
	rootObject = E9F17DB91BAF93B700C2948B /* Project object */;
}
